PODS:
  - uservoice-iphone-sdk (3.2.12)

DEPENDENCIES:
  - uservoice-iphone-sdk (~> 3.0)

SPEC REPOS:
  https://github.com/cocoapods/specs.git:
    - uservoice-iphone-sdk

SPEC CHECKSUMS:
  uservoice-iphone-sdk: 4b82c3fb1fc335567aefa2314ee99a864bfac60c

PODFILE CHECKSUM: 4ecc6ec7bb442d67c1e9ce2e8c751cb5d037eda9

COCOAPODS: 1.5.3
