// !$*UTF8*$!
{
	archiveVersion = 1;
	classes = {
	};
	objectVersion = 46;
	objects = {

/* Begin PBXBuildFile section */
		CFD9782E183D35EF00E80326 /* libUserVoice.a in Frameworks */ = {isa = PBXBuildFile; fileRef = CFD9782D183D35EF00E80326 /* libUserVoice.a */; };
		CFD978A3183D361C00E80326 /* UserVoice.strings in Resources */ = {isa = PBXBuildFile; fileRef = CFD97874183D361C00E80326 /* UserVoice.strings */; };
		CFD978A4183D361C00E80326 /* uv_article.png in Resources */ = {isa = PBXBuildFile; fileRef = CFD97892183D361C00E80326 /* uv_article.png */; };
		CFD978A5183D361C00E80326 /* uv_article@2x.png in Resources */ = {isa = PBXBuildFile; fileRef = CFD97893183D361C00E80326 /* uv_article@2x.png */; };
		CFD978A6183D361C00E80326 /* uv_default_avatar.png in Resources */ = {isa = PBXBuildFile; fileRef = CFD97894183D361C00E80326 /* uv_default_avatar.png */; };
		CFD978A7183D361C00E80326 /* uv_default_avatar@2x.png in Resources */ = {isa = PBXBuildFile; fileRef = CFD97895183D361C00E80326 /* uv_default_avatar@2x.png */; };
		CFD978A8183D361C00E80326 /* uv_idea.png in Resources */ = {isa = PBXBuildFile; fileRef = CFD97896183D361C00E80326 /* uv_idea.png */; };
		CFD978A9183D361C00E80326 /* uv_idea@2x.png in Resources */ = {isa = PBXBuildFile; fileRef = CFD97897183D361C00E80326 /* uv_idea@2x.png */; };
		CFD978AA183D361C00E80326 /* uv_logo.png in Resources */ = {isa = PBXBuildFile; fileRef = CFD97898183D361C00E80326 /* uv_logo.png */; };
		CFD978AB183D361C00E80326 /* uv_logo@2x.png in Resources */ = {isa = PBXBuildFile; fileRef = CFD97899183D361C00E80326 /* uv_logo@2x.png */; };
		CFD978AC183D361C00E80326 /* uv_vote_chicklet.png in Resources */ = {isa = PBXBuildFile; fileRef = CFD9789A183D361C00E80326 /* uv_vote_chicklet.png */; };
		CFD978AD183D361C00E80326 /* uv_vote_chicklet@2x.png in Resources */ = {isa = PBXBuildFile; fileRef = CFD9789B183D361C00E80326 /* uv_vote_chicklet@2x.png */; };
		CFD978AE183D361C00E80326 /* uv_vote_chicklet_empty.png in Resources */ = {isa = PBXBuildFile; fileRef = CFD9789C183D361C00E80326 /* uv_vote_chicklet_empty.png */; };
		CFD978AF183D361C00E80326 /* uv_vote_chicklet_empty@2x.png in Resources */ = {isa = PBXBuildFile; fileRef = CFD9789D183D361C00E80326 /* uv_vote_chicklet_empty@2x.png */; };
		CFD978B0183D361C00E80326 /* uv_x.png in Resources */ = {isa = PBXBuildFile; fileRef = CFD9789E183D361C00E80326 /* uv_x.png */; };
		CFD978B1183D361C00E80326 /* uv_x@2x.png in Resources */ = {isa = PBXBuildFile; fileRef = CFD9789F183D361C00E80326 /* uv_x@2x.png */; };
		D2D8819813AB00D800C2BBEE /* UIKit.framework in Frameworks */ = {isa = PBXBuildFile; fileRef = D2D8819713AB00D800C2BBEE /* UIKit.framework */; };
		D2D8819A13AB00D800C2BBEE /* Foundation.framework in Frameworks */ = {isa = PBXBuildFile; fileRef = D2D8819913AB00D800C2BBEE /* Foundation.framework */; };
		D2D8819C13AB00D800C2BBEE /* CoreGraphics.framework in Frameworks */ = {isa = PBXBuildFile; fileRef = D2D8819B13AB00D800C2BBEE /* CoreGraphics.framework */; };
		D2D881A213AB00D800C2BBEE /* InfoPlist.strings in Resources */ = {isa = PBXBuildFile; fileRef = D2D881A013AB00D800C2BBEE /* InfoPlist.strings */; };
		D2D881A513AB00D800C2BBEE /* main.m in Sources */ = {isa = PBXBuildFile; fileRef = D2D881A413AB00D800C2BBEE /* main.m */; };
		D2D881A813AB00D800C2BBEE /* UVDemoAppDelegate.m in Sources */ = {isa = PBXBuildFile; fileRef = D2D881A713AB00D800C2BBEE /* UVDemoAppDelegate.m */; };
		D2D881AB13AB00D800C2BBEE /* MainWindow.xib in Resources */ = {isa = PBXBuildFile; fileRef = D2D881A913AB00D800C2BBEE /* MainWindow.xib */; };
		D2D881AE13AB00D800C2BBEE /* RootViewController.m in Sources */ = {isa = PBXBuildFile; fileRef = D2D881AD13AB00D800C2BBEE /* RootViewController.m */; };
		D2D881D713AB03FA00C2BBEE /* SystemConfiguration.framework in Frameworks */ = {isa = PBXBuildFile; fileRef = D2D881D613AB03FA00C2BBEE /* SystemConfiguration.framework */; };
		D2D881D913AB041000C2BBEE /* QuartzCore.framework in Frameworks */ = {isa = PBXBuildFile; fileRef = D2D881D813AB041000C2BBEE /* QuartzCore.framework */; };
		D9563BDA167B993B00F6AFB6 /* Icon-144.png in Resources */ = {isa = PBXBuildFile; fileRef = D9563BD5167B993B00F6AFB6 /* Icon-144.png */; };
		D9563BDB167B993B00F6AFB6 /* Icon-72.png in Resources */ = {isa = PBXBuildFile; fileRef = D9563BD6167B993B00F6AFB6 /* Icon-72.png */; };
		D9563BDC167B993B00F6AFB6 /* Icon@2x.png in Resources */ = {isa = PBXBuildFile; fileRef = D9563BD7167B993B00F6AFB6 /* Icon@2x.png */; };
		D9563BDD167B993B00F6AFB6 /* Icon.png in Resources */ = {isa = PBXBuildFile; fileRef = D9563BD8167B993B00F6AFB6 /* Icon.png */; };
		D9563BDE167B993B00F6AFB6 /* Default-568h@2x.png in Resources */ = {isa = PBXBuildFile; fileRef = D9563BD9167B993B00F6AFB6 /* Default-568h@2x.png */; };
		D9563BE0167B995B00F6AFB6 /* RootViewController.xib in Resources */ = {isa = PBXBuildFile; fileRef = D9563BDF167B995B00F6AFB6 /* RootViewController.xib */; };
		D98A11FB14BB7D9300DD25D0 /* DemoStyleSheet.m in Sources */ = {isa = PBXBuildFile; fileRef = D98A11FA14BB7D9300DD25D0 /* DemoStyleSheet.m */; };
/* End PBXBuildFile section */

/* Begin PBXFileReference section */
		CFD9782D183D35EF00E80326 /* libUserVoice.a */ = {isa = PBXFileReference; lastKnownFileType = archive.ar; path = libUserVoice.a; sourceTree = "<group>"; };
		CFD97830183D35F900E80326 /* UserVoice.h */ = {isa = PBXFileReference; fileEncoding = 4; lastKnownFileType = sourcecode.c.h; path = UserVoice.h; sourceTree = "<group>"; };
		CFD97831183D35F900E80326 /* UVConfig.h */ = {isa = PBXFileReference; fileEncoding = 4; lastKnownFileType = sourcecode.c.h; path = UVConfig.h; sourceTree = "<group>"; };
		CFD97832183D35F900E80326 /* UVDelegate.h */ = {isa = PBXFileReference; fileEncoding = 4; lastKnownFileType = sourcecode.c.h; path = UVDelegate.h; sourceTree = "<group>"; };
		CFD97833183D35F900E80326 /* UVStyleSheet.h */ = {isa = PBXFileReference; fileEncoding = 4; lastKnownFileType = sourcecode.c.h; path = UVStyleSheet.h; sourceTree = "<group>"; };
		CFD97875183D361C00E80326 /* ca */ = {isa = PBXFileReference; lastKnownFileType = text.plist.strings; name = ca; path = ca.lproj/UserVoice.strings; sourceTree = "<group>"; };
		CFD97876183D361C00E80326 /* cs */ = {isa = PBXFileReference; lastKnownFileType = text.plist.strings; name = cs; path = cs.lproj/UserVoice.strings; sourceTree = "<group>"; };
		CFD97877183D361C00E80326 /* da */ = {isa = PBXFileReference; lastKnownFileType = text.plist.strings; name = da; path = da.lproj/UserVoice.strings; sourceTree = "<group>"; };
		CFD97878183D361C00E80326 /* de */ = {isa = PBXFileReference; lastKnownFileType = text.plist.strings; name = de; path = de.lproj/UserVoice.strings; sourceTree = "<group>"; };
		CFD97879183D361C00E80326 /* el */ = {isa = PBXFileReference; lastKnownFileType = text.plist.strings; name = el; path = el.lproj/UserVoice.strings; sourceTree = "<group>"; };
		CFD9787A183D361C00E80326 /* en-GB */ = {isa = PBXFileReference; lastKnownFileType = text.plist.strings; name = "en-GB"; path = "en-GB.lproj/UserVoice.strings"; sourceTree = "<group>"; };
		CFD9787B183D361C00E80326 /* en */ = {isa = PBXFileReference; lastKnownFileType = text.plist.strings; name = en; path = en.lproj/UserVoice.strings; sourceTree = "<group>"; };
		CFD9787C183D361C00E80326 /* es */ = {isa = PBXFileReference; lastKnownFileType = text.plist.strings; name = es; path = es.lproj/UserVoice.strings; sourceTree = "<group>"; };
		CFD9787D183D361C00E80326 /* fi */ = {isa = PBXFileReference; lastKnownFileType = text.plist.strings; name = fi; path = fi.lproj/UserVoice.strings; sourceTree = "<group>"; };
		CFD9787E183D361C00E80326 /* fr */ = {isa = PBXFileReference; lastKnownFileType = text.plist.strings; name = fr; path = fr.lproj/UserVoice.strings; sourceTree = "<group>"; };
		CFD9787F183D361C00E80326 /* hr */ = {isa = PBXFileReference; lastKnownFileType = text.plist.strings; name = hr; path = hr.lproj/UserVoice.strings; sourceTree = "<group>"; };
		CFD97880183D361C00E80326 /* hu */ = {isa = PBXFileReference; lastKnownFileType = text.plist.strings; name = hu; path = hu.lproj/UserVoice.strings; sourceTree = "<group>"; };
		CFD97881183D361C00E80326 /* id */ = {isa = PBXFileReference; lastKnownFileType = text.plist.strings; name = id; path = id.lproj/UserVoice.strings; sourceTree = "<group>"; };
		CFD97882183D361C00E80326 /* it */ = {isa = PBXFileReference; lastKnownFileType = text.plist.strings; name = it; path = it.lproj/UserVoice.strings; sourceTree = "<group>"; };
		CFD97883183D361C00E80326 /* ja */ = {isa = PBXFileReference; lastKnownFileType = text.plist.strings; name = ja; path = ja.lproj/UserVoice.strings; sourceTree = "<group>"; };
		CFD97884183D361C00E80326 /* ko */ = {isa = PBXFileReference; lastKnownFileType = text.plist.strings; name = ko; path = ko.lproj/UserVoice.strings; sourceTree = "<group>"; };
		CFD97885183D361C00E80326 /* ms */ = {isa = PBXFileReference; lastKnownFileType = text.plist.strings; name = ms; path = ms.lproj/UserVoice.strings; sourceTree = "<group>"; };
		CFD97886183D361C00E80326 /* nb */ = {isa = PBXFileReference; lastKnownFileType = text.plist.strings; name = nb; path = nb.lproj/UserVoice.strings; sourceTree = "<group>"; };
		CFD97887183D361C00E80326 /* nl */ = {isa = PBXFileReference; lastKnownFileType = text.plist.strings; name = nl; path = nl.lproj/UserVoice.strings; sourceTree = "<group>"; };
		CFD97888183D361C00E80326 /* pl */ = {isa = PBXFileReference; lastKnownFileType = text.plist.strings; name = pl; path = pl.lproj/UserVoice.strings; sourceTree = "<group>"; };
		CFD97889183D361C00E80326 /* pt-PT */ = {isa = PBXFileReference; lastKnownFileType = text.plist.strings; name = "pt-PT"; path = "pt-PT.lproj/UserVoice.strings"; sourceTree = "<group>"; };
		CFD9788A183D361C00E80326 /* pt */ = {isa = PBXFileReference; lastKnownFileType = text.plist.strings; name = pt; path = pt.lproj/UserVoice.strings; sourceTree = "<group>"; };
		CFD9788B183D361C00E80326 /* ro */ = {isa = PBXFileReference; lastKnownFileType = text.plist.strings; name = ro; path = ro.lproj/UserVoice.strings; sourceTree = "<group>"; };
		CFD9788C183D361C00E80326 /* ru */ = {isa = PBXFileReference; lastKnownFileType = text.plist.strings; name = ru; path = ru.lproj/UserVoice.strings; sourceTree = "<group>"; };
		CFD9788D183D361C00E80326 /* sk */ = {isa = PBXFileReference; lastKnownFileType = text.plist.strings; name = sk; path = sk.lproj/UserVoice.strings; sourceTree = "<group>"; };
		CFD9788E183D361C00E80326 /* sv */ = {isa = PBXFileReference; lastKnownFileType = text.plist.strings; name = sv; path = sv.lproj/UserVoice.strings; sourceTree = "<group>"; };
		CFD9788F183D361C00E80326 /* th */ = {isa = PBXFileReference; lastKnownFileType = text.plist.strings; name = th; path = th.lproj/UserVoice.strings; sourceTree = "<group>"; };
		CFD97890183D361C00E80326 /* tr */ = {isa = PBXFileReference; lastKnownFileType = text.plist.strings; name = tr; path = tr.lproj/UserVoice.strings; sourceTree = "<group>"; };
		CFD97891183D361C00E80326 /* uk */ = {isa = PBXFileReference; lastKnownFileType = text.plist.strings; name = uk; path = uk.lproj/UserVoice.strings; sourceTree = "<group>"; };
		CFD97892183D361C00E80326 /* uv_article.png */ = {isa = PBXFileReference; lastKnownFileType = image.png; path = uv_article.png; sourceTree = "<group>"; };
		CFD97893183D361C00E80326 /* uv_article@2x.png */ = {isa = PBXFileReference; lastKnownFileType = image.png; path = "uv_article@2x.png"; sourceTree = "<group>"; };
		CFD97894183D361C00E80326 /* uv_default_avatar.png */ = {isa = PBXFileReference; lastKnownFileType = image.png; path = uv_default_avatar.png; sourceTree = "<group>"; };
		CFD97895183D361C00E80326 /* uv_default_avatar@2x.png */ = {isa = PBXFileReference; lastKnownFileType = image.png; path = "uv_default_avatar@2x.png"; sourceTree = "<group>"; };
		CFD97896183D361C00E80326 /* uv_idea.png */ = {isa = PBXFileReference; lastKnownFileType = image.png; path = uv_idea.png; sourceTree = "<group>"; };
		CFD97897183D361C00E80326 /* uv_idea@2x.png */ = {isa = PBXFileReference; lastKnownFileType = image.png; path = "uv_idea@2x.png"; sourceTree = "<group>"; };
		CFD97898183D361C00E80326 /* uv_logo.png */ = {isa = PBXFileReference; lastKnownFileType = image.png; path = uv_logo.png; sourceTree = "<group>"; };
		CFD97899183D361C00E80326 /* uv_logo@2x.png */ = {isa = PBXFileReference; lastKnownFileType = image.png; path = "uv_logo@2x.png"; sourceTree = "<group>"; };
		CFD9789A183D361C00E80326 /* uv_vote_chicklet.png */ = {isa = PBXFileReference; lastKnownFileType = image.png; path = uv_vote_chicklet.png; sourceTree = "<group>"; };
		CFD9789B183D361C00E80326 /* uv_vote_chicklet@2x.png */ = {isa = PBXFileReference; lastKnownFileType = image.png; path = "uv_vote_chicklet@2x.png"; sourceTree = "<group>"; };
		CFD9789C183D361C00E80326 /* uv_vote_chicklet_empty.png */ = {isa = PBXFileReference; lastKnownFileType = image.png; path = uv_vote_chicklet_empty.png; sourceTree = "<group>"; };
		CFD9789D183D361C00E80326 /* uv_vote_chicklet_empty@2x.png */ = {isa = PBXFileReference; lastKnownFileType = image.png; path = "uv_vote_chicklet_empty@2x.png"; sourceTree = "<group>"; };
		CFD9789E183D361C00E80326 /* uv_x.png */ = {isa = PBXFileReference; lastKnownFileType = image.png; path = uv_x.png; sourceTree = "<group>"; };
		CFD9789F183D361C00E80326 /* uv_x@2x.png */ = {isa = PBXFileReference; lastKnownFileType = image.png; path = "uv_x@2x.png"; sourceTree = "<group>"; };
		CFD978A0183D361C00E80326 /* vi */ = {isa = PBXFileReference; lastKnownFileType = text.plist.strings; name = vi; path = vi.lproj/UserVoice.strings; sourceTree = "<group>"; };
		CFD978A1183D361C00E80326 /* zh-Hans */ = {isa = PBXFileReference; lastKnownFileType = text.plist.strings; name = "zh-Hans"; path = "zh-Hans.lproj/UserVoice.strings"; sourceTree = "<group>"; };
		CFD978A2183D361C00E80326 /* zh-Hant */ = {isa = PBXFileReference; lastKnownFileType = text.plist.strings; name = "zh-Hant"; path = "zh-Hant.lproj/UserVoice.strings"; sourceTree = "<group>"; };
		D2D8819313AB00D800C2BBEE /* UVDemo.app */ = {isa = PBXFileReference; explicitFileType = wrapper.application; includeInIndex = 0; path = UVDemo.app; sourceTree = BUILT_PRODUCTS_DIR; };
		D2D8819713AB00D800C2BBEE /* UIKit.framework */ = {isa = PBXFileReference; lastKnownFileType = wrapper.framework; name = UIKit.framework; path = System/Library/Frameworks/UIKit.framework; sourceTree = SDKROOT; };
		D2D8819913AB00D800C2BBEE /* Foundation.framework */ = {isa = PBXFileReference; lastKnownFileType = wrapper.framework; name = Foundation.framework; path = System/Library/Frameworks/Foundation.framework; sourceTree = SDKROOT; };
		D2D8819B13AB00D800C2BBEE /* CoreGraphics.framework */ = {isa = PBXFileReference; lastKnownFileType = wrapper.framework; name = CoreGraphics.framework; path = System/Library/Frameworks/CoreGraphics.framework; sourceTree = SDKROOT; };
		D2D8819F13AB00D800C2BBEE /* UVDemo-Info.plist */ = {isa = PBXFileReference; lastKnownFileType = text.plist.xml; path = "UVDemo-Info.plist"; sourceTree = "<group>"; };
		D2D881A113AB00D800C2BBEE /* en */ = {isa = PBXFileReference; lastKnownFileType = text.plist.strings; name = en; path = en.lproj/InfoPlist.strings; sourceTree = "<group>"; };
		D2D881A313AB00D800C2BBEE /* UVDemo-Prefix.pch */ = {isa = PBXFileReference; lastKnownFileType = sourcecode.c.h; path = "UVDemo-Prefix.pch"; sourceTree = "<group>"; };
		D2D881A413AB00D800C2BBEE /* main.m */ = {isa = PBXFileReference; lastKnownFileType = sourcecode.c.objc; path = main.m; sourceTree = "<group>"; };
		D2D881A613AB00D800C2BBEE /* UVDemoAppDelegate.h */ = {isa = PBXFileReference; lastKnownFileType = sourcecode.c.h; path = UVDemoAppDelegate.h; sourceTree = "<group>"; };
		D2D881A713AB00D800C2BBEE /* UVDemoAppDelegate.m */ = {isa = PBXFileReference; lastKnownFileType = sourcecode.c.objc; path = UVDemoAppDelegate.m; sourceTree = "<group>"; };
		D2D881AA13AB00D800C2BBEE /* en */ = {isa = PBXFileReference; lastKnownFileType = file.xib; name = en; path = en.lproj/MainWindow.xib; sourceTree = "<group>"; };
		D2D881AC13AB00D800C2BBEE /* RootViewController.h */ = {isa = PBXFileReference; lastKnownFileType = sourcecode.c.h; path = RootViewController.h; sourceTree = "<group>"; };
		D2D881AD13AB00D800C2BBEE /* RootViewController.m */ = {isa = PBXFileReference; lastKnownFileType = sourcecode.c.objc; path = RootViewController.m; sourceTree = "<group>"; };
		D2D881D613AB03FA00C2BBEE /* SystemConfiguration.framework */ = {isa = PBXFileReference; lastKnownFileType = wrapper.framework; name = SystemConfiguration.framework; path = System/Library/Frameworks/SystemConfiguration.framework; sourceTree = SDKROOT; };
		D2D881D813AB041000C2BBEE /* QuartzCore.framework */ = {isa = PBXFileReference; lastKnownFileType = wrapper.framework; name = QuartzCore.framework; path = System/Library/Frameworks/QuartzCore.framework; sourceTree = SDKROOT; };
		D9563BD5167B993B00F6AFB6 /* Icon-144.png */ = {isa = PBXFileReference; lastKnownFileType = image.png; path = "Icon-144.png"; sourceTree = "<group>"; };
		D9563BD6167B993B00F6AFB6 /* Icon-72.png */ = {isa = PBXFileReference; lastKnownFileType = image.png; path = "Icon-72.png"; sourceTree = "<group>"; };
		D9563BD7167B993B00F6AFB6 /* Icon@2x.png */ = {isa = PBXFileReference; lastKnownFileType = image.png; path = "Icon@2x.png"; sourceTree = "<group>"; };
		D9563BD8167B993B00F6AFB6 /* Icon.png */ = {isa = PBXFileReference; lastKnownFileType = image.png; path = Icon.png; sourceTree = "<group>"; };
		D9563BD9167B993B00F6AFB6 /* Default-568h@2x.png */ = {isa = PBXFileReference; lastKnownFileType = image.png; path = "Default-568h@2x.png"; sourceTree = "<group>"; };
		D9563BDF167B995B00F6AFB6 /* RootViewController.xib */ = {isa = PBXFileReference; fileEncoding = 4; lastKnownFileType = file.xib; path = RootViewController.xib; sourceTree = "<group>"; };
		D98A11F914BB7D9300DD25D0 /* DemoStyleSheet.h */ = {isa = PBXFileReference; fileEncoding = 4; lastKnownFileType = sourcecode.c.h; path = DemoStyleSheet.h; sourceTree = "<group>"; };
		D98A11FA14BB7D9300DD25D0 /* DemoStyleSheet.m */ = {isa = PBXFileReference; fileEncoding = 4; lastKnownFileType = sourcecode.c.objc; path = DemoStyleSheet.m; sourceTree = "<group>"; };
/* End PBXFileReference section */

/* Begin PBXFrameworksBuildPhase section */
		D2D8819013AB00D700C2BBEE /* Frameworks */ = {
			isa = PBXFrameworksBuildPhase;
			buildActionMask = 2147483647;
			files = (
				D2D881D913AB041000C2BBEE /* QuartzCore.framework in Frameworks */,
				CFD9782E183D35EF00E80326 /* libUserVoice.a in Frameworks */,
				D2D881D713AB03FA00C2BBEE /* SystemConfiguration.framework in Frameworks */,
				D2D8819C13AB00D800C2BBEE /* CoreGraphics.framework in Frameworks */,
				D2D8819813AB00D800C2BBEE /* UIKit.framework in Frameworks */,
				D2D8819A13AB00D800C2BBEE /* Foundation.framework in Frameworks */,
			);
			runOnlyForDeploymentPostprocessing = 0;
		};
/* End PBXFrameworksBuildPhase section */

/* Begin PBXGroup section */
		CFD9782F183D35F900E80326 /* UVHeaders */ = {
			isa = PBXGroup;
			children = (
				CFD97830183D35F900E80326 /* UserVoice.h */,
				CFD97831183D35F900E80326 /* UVConfig.h */,
				CFD97832183D35F900E80326 /* UVDelegate.h */,
				CFD97833183D35F900E80326 /* UVStyleSheet.h */,
			);
			path = UVHeaders;
			sourceTree = "<group>";
		};
		CFD97873183D361C00E80326 /* UVResources */ = {
			isa = PBXGroup;
			children = (
				CFD97874183D361C00E80326 /* UserVoice.strings */,
				CFD97892183D361C00E80326 /* uv_article.png */,
				CFD97893183D361C00E80326 /* uv_article@2x.png */,
				CFD97894183D361C00E80326 /* uv_default_avatar.png */,
				CFD97895183D361C00E80326 /* uv_default_avatar@2x.png */,
				CFD97896183D361C00E80326 /* uv_idea.png */,
				CFD97897183D361C00E80326 /* uv_idea@2x.png */,
				CFD97898183D361C00E80326 /* uv_logo.png */,
				CFD97899183D361C00E80326 /* uv_logo@2x.png */,
				CFD9789A183D361C00E80326 /* uv_vote_chicklet.png */,
				CFD9789B183D361C00E80326 /* uv_vote_chicklet@2x.png */,
				CFD9789C183D361C00E80326 /* uv_vote_chicklet_empty.png */,
				CFD9789D183D361C00E80326 /* uv_vote_chicklet_empty@2x.png */,
				CFD9789E183D361C00E80326 /* uv_x.png */,
				CFD9789F183D361C00E80326 /* uv_x@2x.png */,
			);
			path = UVResources;
			sourceTree = "<group>";
		};
		D2D8818813AB00D700C2BBEE = {
			isa = PBXGroup;
			children = (
				CFD9782D183D35EF00E80326 /* libUserVoice.a */,
				CFD9782F183D35F900E80326 /* UVHeaders */,
				CFD97873183D361C00E80326 /* UVResources */,
				D9563BD3167B992700F6AFB6 /* Resources */,
				D2D8819D13AB00D800C2BBEE /* Classes */,
				D2D8819613AB00D800C2BBEE /* Frameworks */,
				D2D8819413AB00D800C2BBEE /* Products */,
				D2D881D613AB03FA00C2BBEE /* SystemConfiguration.framework */,
				D2D881D813AB041000C2BBEE /* QuartzCore.framework */,
			);
			sourceTree = "<group>";
		};
		D2D8819413AB00D800C2BBEE /* Products */ = {
			isa = PBXGroup;
			children = (
				D2D8819313AB00D800C2BBEE /* UVDemo.app */,
			);
			name = Products;
			sourceTree = "<group>";
		};
		D2D8819613AB00D800C2BBEE /* Frameworks */ = {
			isa = PBXGroup;
			children = (
				D2D8819713AB00D800C2BBEE /* UIKit.framework */,
				D2D8819913AB00D800C2BBEE /* Foundation.framework */,
				D2D8819B13AB00D800C2BBEE /* CoreGraphics.framework */,
			);
			name = Frameworks;
			sourceTree = "<group>";
		};
		D2D8819D13AB00D800C2BBEE /* Classes */ = {
			isa = PBXGroup;
			children = (
				D2D881A613AB00D800C2BBEE /* UVDemoAppDelegate.h */,
				D2D881A713AB00D800C2BBEE /* UVDemoAppDelegate.m */,
				D2D881AC13AB00D800C2BBEE /* RootViewController.h */,
				D2D881AD13AB00D800C2BBEE /* RootViewController.m */,
				D98A11F914BB7D9300DD25D0 /* DemoStyleSheet.h */,
				D98A11FA14BB7D9300DD25D0 /* DemoStyleSheet.m */,
				D2D8819E13AB00D800C2BBEE /* Supporting Files */,
			);
			path = Classes;
			sourceTree = "<group>";
		};
		D2D8819E13AB00D800C2BBEE /* Supporting Files */ = {
			isa = PBXGroup;
			children = (
				D2D8819F13AB00D800C2BBEE /* UVDemo-Info.plist */,
				D2D881A013AB00D800C2BBEE /* InfoPlist.strings */,
				D2D881A313AB00D800C2BBEE /* UVDemo-Prefix.pch */,
				D2D881A413AB00D800C2BBEE /* main.m */,
			);
			name = "Supporting Files";
			sourceTree = "<group>";
		};
		D9563BD3167B992700F6AFB6 /* Resources */ = {
			isa = PBXGroup;
			children = (
				D2D881A913AB00D800C2BBEE /* MainWindow.xib */,
				D9563BDF167B995B00F6AFB6 /* RootViewController.xib */,
				D9563BD5167B993B00F6AFB6 /* Icon-144.png */,
				D9563BD6167B993B00F6AFB6 /* Icon-72.png */,
				D9563BD7167B993B00F6AFB6 /* Icon@2x.png */,
				D9563BD8167B993B00F6AFB6 /* Icon.png */,
				D9563BD9167B993B00F6AFB6 /* Default-568h@2x.png */,
			);
			name = Resources;
			sourceTree = "<group>";
		};
/* End PBXGroup section */

/* Begin PBXNativeTarget section */
		D2D8819213AB00D700C2BBEE /* UVDemo */ = {
			isa = PBXNativeTarget;
			buildConfigurationList = D2D881CA13AB00D800C2BBEE /* Build configuration list for PBXNativeTarget "UVDemo" */;
			buildPhases = (
				D2D8818F13AB00D700C2BBEE /* Sources */,
				D2D8819013AB00D700C2BBEE /* Frameworks */,
				D2D8819113AB00D700C2BBEE /* Resources */,
			);
			buildRules = (
			);
			dependencies = (
			);
			name = UVDemo;
			productName = UVDemo;
			productReference = D2D8819313AB00D800C2BBEE /* UVDemo.app */;
			productType = "com.apple.product-type.application";
		};
/* End PBXNativeTarget section */

/* Begin PBXProject section */
		D2D8818A13AB00D700C2BBEE /* Project object */ = {
			isa = PBXProject;
			attributes = {
				LastUpgradeCheck = 0420;
				ORGANIZATIONNAME = Uservoice;
			};
			buildConfigurationList = D2D8818D13AB00D700C2BBEE /* Build configuration list for PBXProject "UVDemo" */;
			compatibilityVersion = "Xcode 3.2";
			developmentRegion = English;
			hasScannedForEncodings = 0;
			knownRegions = (
				en,
				fr,
				it,
				nl,
				"zh-Hant",
				ca,
				cs,
				da,
				de,
				el,
				"en-GB",
				es,
				fi,
				hr,
				hu,
				id,
				ja,
				ko,
				ms,
				nb,
				pl,
				"pt-PT",
				pt,
				ro,
				ru,
				sk,
				sv,
				th,
				tr,
				uk,
				vi,
				"zh-Hans",
			);
			mainGroup = D2D8818813AB00D700C2BBEE;
			productRefGroup = D2D8819413AB00D800C2BBEE /* Products */;
			projectDirPath = "";
			projectRoot = "";
			targets = (
				D2D8819213AB00D700C2BBEE /* UVDemo */,
			);
		};
/* End PBXProject section */

/* Begin PBXResourcesBuildPhase section */
		D2D8819113AB00D700C2BBEE /* Resources */ = {
			isa = PBXResourcesBuildPhase;
			buildActionMask = 2147483647;
			files = (
				CFD978A3183D361C00E80326 /* UserVoice.strings in Resources */,
				CFD978AE183D361C00E80326 /* uv_vote_chicklet_empty.png in Resources */,
				CFD978A4183D361C00E80326 /* uv_article.png in Resources */,
				D2D881A213AB00D800C2BBEE /* InfoPlist.strings in Resources */,
				CFD978A5183D361C00E80326 /* uv_article@2x.png in Resources */,
				CFD978A7183D361C00E80326 /* uv_default_avatar@2x.png in Resources */,
				CFD978A8183D361C00E80326 /* uv_idea.png in Resources */,
				CFD978A9183D361C00E80326 /* uv_idea@2x.png in Resources */,
				CFD978AD183D361C00E80326 /* uv_vote_chicklet@2x.png in Resources */,
				D2D881AB13AB00D800C2BBEE /* MainWindow.xib in Resources */,
				D9563BDA167B993B00F6AFB6 /* Icon-144.png in Resources */,
				CFD978AA183D361C00E80326 /* uv_logo.png in Resources */,
				CFD978B1183D361C00E80326 /* uv_x@2x.png in Resources */,
				CFD978AB183D361C00E80326 /* uv_logo@2x.png in Resources */,
				D9563BDB167B993B00F6AFB6 /* Icon-72.png in Resources */,
				D9563BDC167B993B00F6AFB6 /* Icon@2x.png in Resources */,
				CFD978B0183D361C00E80326 /* uv_x.png in Resources */,
				D9563BDD167B993B00F6AFB6 /* Icon.png in Resources */,
				CFD978AF183D361C00E80326 /* uv_vote_chicklet_empty@2x.png in Resources */,
				CFD978A6183D361C00E80326 /* uv_default_avatar.png in Resources */,
				CFD978AC183D361C00E80326 /* uv_vote_chicklet.png in Resources */,
				D9563BDE167B993B00F6AFB6 /* Default-568h@2x.png in Resources */,
				D9563BE0167B995B00F6AFB6 /* RootViewController.xib in Resources */,
			);
			runOnlyForDeploymentPostprocessing = 0;
		};
/* End PBXResourcesBuildPhase section */

/* Begin PBXSourcesBuildPhase section */
		D2D8818F13AB00D700C2BBEE /* Sources */ = {
			isa = PBXSourcesBuildPhase;
			buildActionMask = 2147483647;
			files = (
				D2D881A513AB00D800C2BBEE /* main.m in Sources */,
				D2D881A813AB00D800C2BBEE /* UVDemoAppDelegate.m in Sources */,
				D2D881AE13AB00D800C2BBEE /* RootViewController.m in Sources */,
				D98A11FB14BB7D9300DD25D0 /* DemoStyleSheet.m in Sources */,
			);
			runOnlyForDeploymentPostprocessing = 0;
		};
/* End PBXSourcesBuildPhase section */

/* Begin PBXVariantGroup section */
		CFD97874183D361C00E80326 /* UserVoice.strings */ = {
			isa = PBXVariantGroup;
			children = (
				CFD97875183D361C00E80326 /* ca */,
				CFD97876183D361C00E80326 /* cs */,
				CFD97877183D361C00E80326 /* da */,
				CFD97878183D361C00E80326 /* de */,
				CFD97879183D361C00E80326 /* el */,
				CFD9787A183D361C00E80326 /* en-GB */,
				CFD9787B183D361C00E80326 /* en */,
				CFD9787C183D361C00E80326 /* es */,
				CFD9787D183D361C00E80326 /* fi */,
				CFD9787E183D361C00E80326 /* fr */,
				CFD9787F183D361C00E80326 /* hr */,
				CFD97880183D361C00E80326 /* hu */,
				CFD97881183D361C00E80326 /* id */,
				CFD97882183D361C00E80326 /* it */,
				CFD97883183D361C00E80326 /* ja */,
				CFD97884183D361C00E80326 /* ko */,
				CFD97885183D361C00E80326 /* ms */,
				CFD97886183D361C00E80326 /* nb */,
				CFD97887183D361C00E80326 /* nl */,
				CFD97888183D361C00E80326 /* pl */,
				CFD97889183D361C00E80326 /* pt-PT */,
				CFD9788A183D361C00E80326 /* pt */,
				CFD9788B183D361C00E80326 /* ro */,
				CFD9788C183D361C00E80326 /* ru */,
				CFD9788D183D361C00E80326 /* sk */,
				CFD9788E183D361C00E80326 /* sv */,
				CFD9788F183D361C00E80326 /* th */,
				CFD97890183D361C00E80326 /* tr */,
				CFD97891183D361C00E80326 /* uk */,
				CFD978A0183D361C00E80326 /* vi */,
				CFD978A1183D361C00E80326 /* zh-Hans */,
				CFD978A2183D361C00E80326 /* zh-Hant */,
			);
			name = UserVoice.strings;
			sourceTree = "<group>";
		};
		D2D881A013AB00D800C2BBEE /* InfoPlist.strings */ = {
			isa = PBXVariantGroup;
			children = (
				D2D881A113AB00D800C2BBEE /* en */,
			);
			name = InfoPlist.strings;
			sourceTree = "<group>";
		};
		D2D881A913AB00D800C2BBEE /* MainWindow.xib */ = {
			isa = PBXVariantGroup;
			children = (
				D2D881AA13AB00D800C2BBEE /* en */,
			);
			name = MainWindow.xib;
			path = Classes;
			sourceTree = "<group>";
		};
/* End PBXVariantGroup section */

/* Begin XCBuildConfiguration section */
		D2D881C813AB00D800C2BBEE /* Debug */ = {
			isa = XCBuildConfiguration;
			buildSettings = {
				ARCHS = "$(ARCHS_STANDARD_32_BIT)";
				"CODE_SIGN_IDENTITY[sdk=iphoneos*]" = "iPhone Developer: Austin Taylor (7SMBK8U887)";
				GCC_C_LANGUAGE_STANDARD = gnu99;
				GCC_OPTIMIZATION_LEVEL = 0;
				GCC_PREPROCESSOR_DEFINITIONS = DEBUG;
				GCC_SYMBOLS_PRIVATE_EXTERN = NO;
				GCC_VERSION = com.apple.compilers.llvmgcc42;
				GCC_WARN_ABOUT_RETURN_TYPE = YES;
				GCC_WARN_UNUSED_VARIABLE = YES;
				IPHONEOS_DEPLOYMENT_TARGET = 4.3;
				"PROVISIONING_PROFILE[sdk=iphoneos*]" = "25558DDE-9AA2-42C8-A814-37E195B3550D";
				SDKROOT = iphoneos;
				TARGETED_DEVICE_FAMILY = "1,2";
				VALID_ARCHS = "armv6 armv7";
			};
			name = Debug;
		};
		D2D881C913AB00D800C2BBEE /* Release */ = {
			isa = XCBuildConfiguration;
			buildSettings = {
				ARCHS = "$(ARCHS_STANDARD_32_BIT)";
				"CODE_SIGN_IDENTITY[sdk=iphoneos*]" = "iPhone Developer: Austin Taylor (7SMBK8U887)";
				GCC_C_LANGUAGE_STANDARD = gnu99;
				GCC_VERSION = com.apple.compilers.llvmgcc42;
				GCC_WARN_ABOUT_RETURN_TYPE = YES;
				GCC_WARN_UNUSED_VARIABLE = YES;
				IPHONEOS_DEPLOYMENT_TARGET = 4.3;
				OTHER_CFLAGS = "-DNS_BLOCK_ASSERTIONS=1";
				"PROVISIONING_PROFILE[sdk=iphoneos*]" = "25558DDE-9AA2-42C8-A814-37E195B3550D";
				SDKROOT = iphoneos;
				TARGETED_DEVICE_FAMILY = "1,2";
				VALID_ARCHS = "armv6 armv7";
			};
			name = Release;
		};
		D2D881CB13AB00D800C2BBEE /* Debug */ = {
			isa = XCBuildConfiguration;
			buildSettings = {
				ALWAYS_SEARCH_USER_PATHS = YES;
				COPY_PHASE_STRIP = NO;
				GCC_DYNAMIC_NO_PIC = NO;
				GCC_PRECOMPILE_PREFIX_HEADER = YES;
				GCC_PREFIX_HEADER = "Classes/UVDemo-Prefix.pch";
				GCC_VERSION = com.apple.compilers.llvm.clang.1_0;
				HEADER_SEARCH_PATHS = "";
				INFOPLIST_FILE = "Classes/UVDemo-Info.plist";
				IPHONEOS_DEPLOYMENT_TARGET = 4.3;
				LIBRARY_SEARCH_PATHS = (
					"$(inherited)",
					"$(SRCROOT)",
					"\\\"$(SRCROOT)/../DerivedData/UVDemoWorkspace/Build/Products/Debug-iphoneos\\\"",
					"/Users/vgraupe/code/walmartlabs/ios_apps/uservoice-iphone-example/UVDemo",
				);
				OTHER_LDFLAGS = "-ObjC";
				PRODUCT_NAME = "$(TARGET_NAME)";
				TARGETED_DEVICE_FAMILY = "1,2";
				USER_HEADER_SEARCH_PATHS = "$(BUILT_PRODUCTS_DIR)/**";
				WRAPPER_EXTENSION = app;
			};
			name = Debug;
		};
		D2D881CC13AB00D800C2BBEE /* Release */ = {
			isa = XCBuildConfiguration;
			buildSettings = {
				ALWAYS_SEARCH_USER_PATHS = YES;
				COPY_PHASE_STRIP = YES;
				GCC_PRECOMPILE_PREFIX_HEADER = YES;
				GCC_PREFIX_HEADER = "Classes/UVDemo-Prefix.pch";
				GCC_VERSION = com.apple.compilers.llvm.clang.1_0;
				HEADER_SEARCH_PATHS = "";
				INFOPLIST_FILE = "Classes/UVDemo-Info.plist";
				IPHONEOS_DEPLOYMENT_TARGET = 4.3;
				LIBRARY_SEARCH_PATHS = (
					"$(inherited)",
					"$(SRCROOT)",
					"\\\"$(SRCROOT)/../DerivedData/UVDemoWorkspace/Build/Products/Debug-iphoneos\\\"",
					"/Users/vgraupe/code/walmartlabs/ios_apps/uservoice-iphone-example/UVDemo",
				);
				OTHER_LDFLAGS = "-ObjC";
				PRODUCT_NAME = "$(TARGET_NAME)";
				TARGETED_DEVICE_FAMILY = "1,2";
				USER_HEADER_SEARCH_PATHS = "$(BUILT_PRODUCTS_DIR)/**";
				VALIDATE_PRODUCT = YES;
				WRAPPER_EXTENSION = app;
			};
			name = Release;
		};
/* End XCBuildConfiguration section */

/* Begin XCConfigurationList section */
		D2D8818D13AB00D700C2BBEE /* Build configuration list for PBXProject "UVDemo" */ = {
			isa = XCConfigurationList;
			buildConfigurations = (
				D2D881C813AB00D800C2BBEE /* Debug */,
				D2D881C913AB00D800C2BBEE /* Release */,
			);
			defaultConfigurationIsVisible = 0;
			defaultConfigurationName = Release;
		};
		D2D881CA13AB00D800C2BBEE /* Build configuration list for PBXNativeTarget "UVDemo" */ = {
			isa = XCConfigurationList;
			buildConfigurations = (
				D2D881CB13AB00D800C2BBEE /* Debug */,
				D2D881CC13AB00D800C2BBEE /* Release */,
			);
			defaultConfigurationIsVisible = 0;
			defaultConfigurationName = Release;
		};
/* End XCConfigurationList section */
	};
	rootObject = D2D8818A13AB00D700C2BBEE /* Project object */;
}
