// !$*UTF8*$!
{
	archiveVersion = 1;
	classes = {
	};
	objectVersion = 46;
	objects = {

/* Begin PBXBuildFile section */
		D2D8819813AB00D800C2BBEE /* UIKit.framework in Frameworks */ = {isa = PBXBuildFile; fileRef = D2D8819713AB00D800C2BBEE /* UIKit.framework */; };
		D2D8819A13AB00D800C2BBEE /* Foundation.framework in Frameworks */ = {isa = PBXBuildFile; fileRef = D2D8819913AB00D800C2BBEE /* Foundation.framework */; };
		D2D8819C13AB00D800C2BBEE /* CoreGraphics.framework in Frameworks */ = {isa = PBXBuildFile; fileRef = D2D8819B13AB00D800C2BBEE /* CoreGraphics.framework */; };
		D2D881A213AB00D800C2BBEE /* InfoPlist.strings in Resources */ = {isa = PBXBuildFile; fileRef = D2D881A013AB00D800C2BBEE /* InfoPlist.strings */; };
		D2D881A513AB00D800C2BBEE /* main.m in Sources */ = {isa = PBXBuildFile; fileRef = D2D881A413AB00D800C2BBEE /* main.m */; };
		D2D881A813AB00D800C2BBEE /* UVDemoAppDelegate.m in Sources */ = {isa = PBXBuildFile; fileRef = D2D881A713AB00D800C2BBEE /* UVDemoAppDelegate.m */; };
		D2D881AB13AB00D800C2BBEE /* MainWindow.xib in Resources */ = {isa = PBXBuildFile; fileRef = D2D881A913AB00D800C2BBEE /* MainWindow.xib */; };
		D2D881AE13AB00D800C2BBEE /* RootViewController.m in Sources */ = {isa = PBXBuildFile; fileRef = D2D881AD13AB00D800C2BBEE /* RootViewController.m */; };
		D2D881B113AB00D800C2BBEE /* RootViewController.xib in Resources */ = {isa = PBXBuildFile; fileRef = D2D881AF13AB00D800C2BBEE /* RootViewController.xib */; };
		D2D881D713AB03FA00C2BBEE /* SystemConfiguration.framework in Frameworks */ = {isa = PBXBuildFile; fileRef = D2D881D613AB03FA00C2BBEE /* SystemConfiguration.framework */; };
		D2D881D913AB041000C2BBEE /* QuartzCore.framework in Frameworks */ = {isa = PBXBuildFile; fileRef = D2D881D813AB041000C2BBEE /* QuartzCore.framework */; };
		D912746B14AA367A003ADF5B /* libUserVoice.a in Frameworks */ = {isa = PBXBuildFile; fileRef = D912746A14AA367A003ADF5B /* libUserVoice.a */; };
		D927678C155083A500E17EF1 /* UserVoice.strings in Resources */ = {isa = PBXBuildFile; fileRef = D9276788155083A500E17EF1 /* UserVoice.strings */; };
		D927678D155083A500E17EF1 /* UserVoice.strings in Resources */ = {isa = PBXBuildFile; fileRef = D927678A155083A500E17EF1 /* UserVoice.strings */; };
		D927678E155083A500E17EF1 /* uv_alert@2x.png in Resources */ = {isa = PBXBuildFile; fileRef = D927676C155083A500E17EF1 /* uv_alert@2x.png */; };
		D927678F155083A500E17EF1 /* uv_default_avatar@2x.png in Resources */ = {isa = PBXBuildFile; fileRef = D927676D155083A500E17EF1 /* uv_default_avatar@2x.png */; };
		D9276790155083A500E17EF1 /* uv_error_connection@2x.png in Resources */ = {isa = PBXBuildFile; fileRef = D927676E155083A500E17EF1 /* uv_error_connection@2x.png */; };
		D9276791155083A500E17EF1 /* uv_karma_star@2x.png in Resources */ = {isa = PBXBuildFile; fileRef = D927676F155083A500E17EF1 /* uv_karma_star@2x.png */; };
		D9276792155083A500E17EF1 /* uv_logo@2x.png in Resources */ = {isa = PBXBuildFile; fileRef = D9276770155083A500E17EF1 /* uv_logo@2x.png */; };
		D9276793155083A500E17EF1 /* uv_primary_button_green_active@2x.png in Resources */ = {isa = PBXBuildFile; fileRef = D9276771155083A500E17EF1 /* uv_primary_button_green_active@2x.png */; };
		D9276794155083A500E17EF1 /* uv_primary_button_green@2x.png in Resources */ = {isa = PBXBuildFile; fileRef = D9276772155083A500E17EF1 /* uv_primary_button_green@2x.png */; };
		D9276795155083A500E17EF1 /* uv_primary_button_red_active@2x.png in Resources */ = {isa = PBXBuildFile; fileRef = D9276773155083A500E17EF1 /* uv_primary_button_red_active@2x.png */; };
		D9276796155083A500E17EF1 /* uv_primary_button_red@2x.png in Resources */ = {isa = PBXBuildFile; fileRef = D9276774155083A500E17EF1 /* uv_primary_button_red@2x.png */; };
		D9276797155083A500E17EF1 /* uv_user_chicklet_dark@2x.png in Resources */ = {isa = PBXBuildFile; fileRef = D9276775155083A500E17EF1 /* uv_user_chicklet_dark@2x.png */; };
		D9276798155083A500E17EF1 /* uv_user_chicklet_detail@2x.png in Resources */ = {isa = PBXBuildFile; fileRef = D9276776155083A500E17EF1 /* uv_user_chicklet_detail@2x.png */; };
		D9276799155083A500E17EF1 /* uv_user_chicklet_light@2x.png in Resources */ = {isa = PBXBuildFile; fileRef = D9276777155083A500E17EF1 /* uv_user_chicklet_light@2x.png */; };
		D927679A155083A500E17EF1 /* uv_vote_chicklet_empty@2x.png in Resources */ = {isa = PBXBuildFile; fileRef = D9276778155083A500E17EF1 /* uv_vote_chicklet_empty@2x.png */; };
		D927679B155083A500E17EF1 /* uv_vote_chicklet@2x.png in Resources */ = {isa = PBXBuildFile; fileRef = D9276779155083A500E17EF1 /* uv_vote_chicklet@2x.png */; };
		D927679C155083A500E17EF1 /* uv_alert.png in Resources */ = {isa = PBXBuildFile; fileRef = D927677A155083A500E17EF1 /* uv_alert.png */; };
		D927679D155083A500E17EF1 /* uv_default_avatar.png in Resources */ = {isa = PBXBuildFile; fileRef = D927677B155083A500E17EF1 /* uv_default_avatar.png */; };
		D927679E155083A500E17EF1 /* uv_error_connection.png in Resources */ = {isa = PBXBuildFile; fileRef = D927677C155083A500E17EF1 /* uv_error_connection.png */; };
		D927679F155083A500E17EF1 /* uv_karma_star.png in Resources */ = {isa = PBXBuildFile; fileRef = D927677D155083A500E17EF1 /* uv_karma_star.png */; };
		D92767A0155083A500E17EF1 /* uv_logo.png in Resources */ = {isa = PBXBuildFile; fileRef = D927677E155083A500E17EF1 /* uv_logo.png */; };
		D92767A1155083A500E17EF1 /* uv_primary_button_green.png in Resources */ = {isa = PBXBuildFile; fileRef = D927677F155083A500E17EF1 /* uv_primary_button_green.png */; };
		D92767A2155083A500E17EF1 /* uv_primary_button_green_active.png in Resources */ = {isa = PBXBuildFile; fileRef = D9276780155083A500E17EF1 /* uv_primary_button_green_active.png */; };
		D92767A3155083A500E17EF1 /* uv_primary_button_red.png in Resources */ = {isa = PBXBuildFile; fileRef = D9276781155083A500E17EF1 /* uv_primary_button_red.png */; };
		D92767A4155083A500E17EF1 /* uv_primary_button_red_active.png in Resources */ = {isa = PBXBuildFile; fileRef = D9276782155083A500E17EF1 /* uv_primary_button_red_active.png */; };
		D92767A5155083A500E17EF1 /* uv_user_chicklet_dark.png in Resources */ = {isa = PBXBuildFile; fileRef = D9276783155083A500E17EF1 /* uv_user_chicklet_dark.png */; };
		D92767A6155083A500E17EF1 /* uv_user_chicklet_detail.png in Resources */ = {isa = PBXBuildFile; fileRef = D9276784155083A500E17EF1 /* uv_user_chicklet_detail.png */; };
		D92767A7155083A500E17EF1 /* uv_user_chicklet_light.png in Resources */ = {isa = PBXBuildFile; fileRef = D9276785155083A500E17EF1 /* uv_user_chicklet_light.png */; };
		D92767A8155083A500E17EF1 /* uv_vote_chicklet.png in Resources */ = {isa = PBXBuildFile; fileRef = D9276786155083A500E17EF1 /* uv_vote_chicklet.png */; };
		D92767A9155083A500E17EF1 /* uv_vote_chicklet_empty.png in Resources */ = {isa = PBXBuildFile; fileRef = D9276787155083A500E17EF1 /* uv_vote_chicklet_empty.png */; };
		D98A11FB14BB7D9300DD25D0 /* DemoStyleSheet.m in Sources */ = {isa = PBXBuildFile; fileRef = D98A11FA14BB7D9300DD25D0 /* DemoStyleSheet.m */; };
/* End PBXBuildFile section */

/* Begin PBXFileReference section */
		D2D8819313AB00D800C2BBEE /* UVDemo.app */ = {isa = PBXFileReference; explicitFileType = wrapper.application; includeInIndex = 0; path = UVDemo.app; sourceTree = BUILT_PRODUCTS_DIR; };
		D2D8819713AB00D800C2BBEE /* UIKit.framework */ = {isa = PBXFileReference; lastKnownFileType = wrapper.framework; name = UIKit.framework; path = System/Library/Frameworks/UIKit.framework; sourceTree = SDKROOT; };
		D2D8819913AB00D800C2BBEE /* Foundation.framework */ = {isa = PBXFileReference; lastKnownFileType = wrapper.framework; name = Foundation.framework; path = System/Library/Frameworks/Foundation.framework; sourceTree = SDKROOT; };
		D2D8819B13AB00D800C2BBEE /* CoreGraphics.framework */ = {isa = PBXFileReference; lastKnownFileType = wrapper.framework; name = CoreGraphics.framework; path = System/Library/Frameworks/CoreGraphics.framework; sourceTree = SDKROOT; };
		D2D8819F13AB00D800C2BBEE /* UVDemo-Info.plist */ = {isa = PBXFileReference; lastKnownFileType = text.plist.xml; path = "UVDemo-Info.plist"; sourceTree = "<group>"; };
		D2D881A113AB00D800C2BBEE /* en */ = {isa = PBXFileReference; lastKnownFileType = text.plist.strings; name = en; path = en.lproj/InfoPlist.strings; sourceTree = "<group>"; };
		D2D881A313AB00D800C2BBEE /* UVDemo-Prefix.pch */ = {isa = PBXFileReference; lastKnownFileType = sourcecode.c.h; path = "UVDemo-Prefix.pch"; sourceTree = "<group>"; };
		D2D881A413AB00D800C2BBEE /* main.m */ = {isa = PBXFileReference; lastKnownFileType = sourcecode.c.objc; path = main.m; sourceTree = "<group>"; };
		D2D881A613AB00D800C2BBEE /* UVDemoAppDelegate.h */ = {isa = PBXFileReference; lastKnownFileType = sourcecode.c.h; path = UVDemoAppDelegate.h; sourceTree = "<group>"; };
		D2D881A713AB00D800C2BBEE /* UVDemoAppDelegate.m */ = {isa = PBXFileReference; lastKnownFileType = sourcecode.c.objc; path = UVDemoAppDelegate.m; sourceTree = "<group>"; };
		D2D881AA13AB00D800C2BBEE /* en */ = {isa = PBXFileReference; lastKnownFileType = file.xib; name = en; path = en.lproj/MainWindow.xib; sourceTree = "<group>"; };
		D2D881AC13AB00D800C2BBEE /* RootViewController.h */ = {isa = PBXFileReference; lastKnownFileType = sourcecode.c.h; path = RootViewController.h; sourceTree = "<group>"; };
		D2D881AD13AB00D800C2BBEE /* RootViewController.m */ = {isa = PBXFileReference; lastKnownFileType = sourcecode.c.objc; path = RootViewController.m; sourceTree = "<group>"; };
		D2D881B013AB00D800C2BBEE /* en */ = {isa = PBXFileReference; lastKnownFileType = file.xib; name = en; path = en.lproj/RootViewController.xib; sourceTree = "<group>"; };
		D2D881D613AB03FA00C2BBEE /* SystemConfiguration.framework */ = {isa = PBXFileReference; lastKnownFileType = wrapper.framework; name = SystemConfiguration.framework; path = System/Library/Frameworks/SystemConfiguration.framework; sourceTree = SDKROOT; };
		D2D881D813AB041000C2BBEE /* QuartzCore.framework */ = {isa = PBXFileReference; lastKnownFileType = wrapper.framework; name = QuartzCore.framework; path = System/Library/Frameworks/QuartzCore.framework; sourceTree = SDKROOT; };
		D912746A14AA367A003ADF5B /* libUserVoice.a */ = {isa = PBXFileReference; lastKnownFileType = archive.ar; path = libUserVoice.a; sourceTree = BUILT_PRODUCTS_DIR; };
		D925A4A41507EB07004AF3BF /* UVConfig.h */ = {isa = PBXFileReference; fileEncoding = 4; lastKnownFileType = sourcecode.c.h; path = UVConfig.h; sourceTree = "<group>"; };
		D927676C155083A500E17EF1 /* uv_alert@2x.png */ = {isa = PBXFileReference; lastKnownFileType = image.png; path = "uv_alert@2x.png"; sourceTree = "<group>"; };
		D927676D155083A500E17EF1 /* uv_default_avatar@2x.png */ = {isa = PBXFileReference; lastKnownFileType = image.png; path = "uv_default_avatar@2x.png"; sourceTree = "<group>"; };
		D927676E155083A500E17EF1 /* uv_error_connection@2x.png */ = {isa = PBXFileReference; lastKnownFileType = image.png; path = "uv_error_connection@2x.png"; sourceTree = "<group>"; };
		D927676F155083A500E17EF1 /* uv_karma_star@2x.png */ = {isa = PBXFileReference; lastKnownFileType = image.png; path = "uv_karma_star@2x.png"; sourceTree = "<group>"; };
		D9276770155083A500E17EF1 /* uv_logo@2x.png */ = {isa = PBXFileReference; lastKnownFileType = image.png; path = "uv_logo@2x.png"; sourceTree = "<group>"; };
		D9276771155083A500E17EF1 /* uv_primary_button_green_active@2x.png */ = {isa = PBXFileReference; lastKnownFileType = image.png; path = "uv_primary_button_green_active@2x.png"; sourceTree = "<group>"; };
		D9276772155083A500E17EF1 /* uv_primary_button_green@2x.png */ = {isa = PBXFileReference; lastKnownFileType = image.png; path = "uv_primary_button_green@2x.png"; sourceTree = "<group>"; };
		D9276773155083A500E17EF1 /* uv_primary_button_red_active@2x.png */ = {isa = PBXFileReference; lastKnownFileType = image.png; path = "uv_primary_button_red_active@2x.png"; sourceTree = "<group>"; };
		D9276774155083A500E17EF1 /* uv_primary_button_red@2x.png */ = {isa = PBXFileReference; lastKnownFileType = image.png; path = "uv_primary_button_red@2x.png"; sourceTree = "<group>"; };
		D9276775155083A500E17EF1 /* uv_user_chicklet_dark@2x.png */ = {isa = PBXFileReference; lastKnownFileType = image.png; path = "uv_user_chicklet_dark@2x.png"; sourceTree = "<group>"; };
		D9276776155083A500E17EF1 /* uv_user_chicklet_detail@2x.png */ = {isa = PBXFileReference; lastKnownFileType = image.png; path = "uv_user_chicklet_detail@2x.png"; sourceTree = "<group>"; };
		D9276777155083A500E17EF1 /* uv_user_chicklet_light@2x.png */ = {isa = PBXFileReference; lastKnownFileType = image.png; path = "uv_user_chicklet_light@2x.png"; sourceTree = "<group>"; };
		D9276778155083A500E17EF1 /* uv_vote_chicklet_empty@2x.png */ = {isa = PBXFileReference; lastKnownFileType = image.png; path = "uv_vote_chicklet_empty@2x.png"; sourceTree = "<group>"; };
		D9276779155083A500E17EF1 /* uv_vote_chicklet@2x.png */ = {isa = PBXFileReference; lastKnownFileType = image.png; path = "uv_vote_chicklet@2x.png"; sourceTree = "<group>"; };
		D927677A155083A500E17EF1 /* uv_alert.png */ = {isa = PBXFileReference; lastKnownFileType = image.png; path = uv_alert.png; sourceTree = "<group>"; };
		D927677B155083A500E17EF1 /* uv_default_avatar.png */ = {isa = PBXFileReference; lastKnownFileType = image.png; path = uv_default_avatar.png; sourceTree = "<group>"; };
		D927677C155083A500E17EF1 /* uv_error_connection.png */ = {isa = PBXFileReference; lastKnownFileType = image.png; path = uv_error_connection.png; sourceTree = "<group>"; };
		D927677D155083A500E17EF1 /* uv_karma_star.png */ = {isa = PBXFileReference; lastKnownFileType = image.png; path = uv_karma_star.png; sourceTree = "<group>"; };
		D927677E155083A500E17EF1 /* uv_logo.png */ = {isa = PBXFileReference; lastKnownFileType = image.png; path = uv_logo.png; sourceTree = "<group>"; };
		D927677F155083A500E17EF1 /* uv_primary_button_green.png */ = {isa = PBXFileReference; lastKnownFileType = image.png; path = uv_primary_button_green.png; sourceTree = "<group>"; };
		D9276780155083A500E17EF1 /* uv_primary_button_green_active.png */ = {isa = PBXFileReference; lastKnownFileType = image.png; path = uv_primary_button_green_active.png; sourceTree = "<group>"; };
		D9276781155083A500E17EF1 /* uv_primary_button_red.png */ = {isa = PBXFileReference; lastKnownFileType = image.png; path = uv_primary_button_red.png; sourceTree = "<group>"; };
		D9276782155083A500E17EF1 /* uv_primary_button_red_active.png */ = {isa = PBXFileReference; lastKnownFileType = image.png; path = uv_primary_button_red_active.png; sourceTree = "<group>"; };
		D9276783155083A500E17EF1 /* uv_user_chicklet_dark.png */ = {isa = PBXFileReference; lastKnownFileType = image.png; path = uv_user_chicklet_dark.png; sourceTree = "<group>"; };
		D9276784155083A500E17EF1 /* uv_user_chicklet_detail.png */ = {isa = PBXFileReference; lastKnownFileType = image.png; path = uv_user_chicklet_detail.png; sourceTree = "<group>"; };
		D9276785155083A500E17EF1 /* uv_user_chicklet_light.png */ = {isa = PBXFileReference; lastKnownFileType = image.png; path = uv_user_chicklet_light.png; sourceTree = "<group>"; };
		D9276786155083A500E17EF1 /* uv_vote_chicklet.png */ = {isa = PBXFileReference; lastKnownFileType = image.png; path = uv_vote_chicklet.png; sourceTree = "<group>"; };
		D9276787155083A500E17EF1 /* uv_vote_chicklet_empty.png */ = {isa = PBXFileReference; lastKnownFileType = image.png; path = uv_vote_chicklet_empty.png; sourceTree = "<group>"; };
		D9276789155083A500E17EF1 /* en */ = {isa = PBXFileReference; lastKnownFileType = text.plist.strings; name = en; path = ../UserVoiceSDK/Resources/en.lproj/UserVoice.strings; sourceTree = "<group>"; };
		D927678B155083A500E17EF1 /* fr */ = {isa = PBXFileReference; lastKnownFileType = text.plist.strings; name = fr; path = ../UserVoiceSDK/Resources/fr.lproj/UserVoice.strings; sourceTree = "<group>"; };
		D98A11F914BB7D9300DD25D0 /* DemoStyleSheet.h */ = {isa = PBXFileReference; fileEncoding = 4; lastKnownFileType = sourcecode.c.h; path = DemoStyleSheet.h; sourceTree = "<group>"; };
		D98A11FA14BB7D9300DD25D0 /* DemoStyleSheet.m */ = {isa = PBXFileReference; fileEncoding = 4; lastKnownFileType = sourcecode.c.objc; path = DemoStyleSheet.m; sourceTree = "<group>"; };
		D98C0C9114C08613008493F2 /* UserVoice.h */ = {isa = PBXFileReference; lastKnownFileType = sourcecode.c.h; path = UserVoice.h; sourceTree = "<group>"; };
		D98C0C9214C08613008493F2 /* UVStyleSheet.h */ = {isa = PBXFileReference; fileEncoding = 4; lastKnownFileType = sourcecode.c.h; path = UVStyleSheet.h; sourceTree = "<group>"; };
		D9F2060114C088FE00F4441E /* UVDelegate.h */ = {isa = PBXFileReference; fileEncoding = 4; lastKnownFileType = sourcecode.c.h; path = UVDelegate.h; sourceTree = "<group>"; };
/* End PBXFileReference section */

/* Begin PBXFrameworksBuildPhase section */
		D2D8819013AB00D700C2BBEE /* Frameworks */ = {
			isa = PBXFrameworksBuildPhase;
			buildActionMask = 2147483647;
			files = (
				D912746B14AA367A003ADF5B /* libUserVoice.a in Frameworks */,
				D2D881D913AB041000C2BBEE /* QuartzCore.framework in Frameworks */,
				D2D881D713AB03FA00C2BBEE /* SystemConfiguration.framework in Frameworks */,
				D2D8819C13AB00D800C2BBEE /* CoreGraphics.framework in Frameworks */,
				D2D8819813AB00D800C2BBEE /* UIKit.framework in Frameworks */,
				D2D8819A13AB00D800C2BBEE /* Foundation.framework in Frameworks */,
			);
			runOnlyForDeploymentPostprocessing = 0;
		};
/* End PBXFrameworksBuildPhase section */

/* Begin PBXGroup section */
		D2D8818813AB00D700C2BBEE = {
			isa = PBXGroup;
			children = (
				D9276769155083A500E17EF1 /* UVResources */,
				D98C0C9014C08613008493F2 /* UVHeaders */,
				D2D8819D13AB00D800C2BBEE /* Classes */,
				D2D8819613AB00D800C2BBEE /* Frameworks */,
				D2D8819413AB00D800C2BBEE /* Products */,
				D912746A14AA367A003ADF5B /* libUserVoice.a */,
				D2D881D613AB03FA00C2BBEE /* SystemConfiguration.framework */,
				D2D881D813AB041000C2BBEE /* QuartzCore.framework */,
			);
			sourceTree = "<group>";
		};
		D2D8819413AB00D800C2BBEE /* Products */ = {
			isa = PBXGroup;
			children = (
				D2D8819313AB00D800C2BBEE /* UVDemo.app */,
			);
			name = Products;
			sourceTree = "<group>";
		};
		D2D8819613AB00D800C2BBEE /* Frameworks */ = {
			isa = PBXGroup;
			children = (
				D2D8819713AB00D800C2BBEE /* UIKit.framework */,
				D2D8819913AB00D800C2BBEE /* Foundation.framework */,
				D2D8819B13AB00D800C2BBEE /* CoreGraphics.framework */,
			);
			name = Frameworks;
			sourceTree = "<group>";
		};
		D2D8819D13AB00D800C2BBEE /* Classes */ = {
			isa = PBXGroup;
			children = (
				D2D881A613AB00D800C2BBEE /* UVDemoAppDelegate.h */,
				D2D881A713AB00D800C2BBEE /* UVDemoAppDelegate.m */,
				D2D881AC13AB00D800C2BBEE /* RootViewController.h */,
				D2D881AD13AB00D800C2BBEE /* RootViewController.m */,
				D98A11F914BB7D9300DD25D0 /* DemoStyleSheet.h */,
				D98A11FA14BB7D9300DD25D0 /* DemoStyleSheet.m */,
				D2D881A913AB00D800C2BBEE /* MainWindow.xib */,
				D2D881AF13AB00D800C2BBEE /* RootViewController.xib */,
				D2D8819E13AB00D800C2BBEE /* Supporting Files */,
			);
			path = Classes;
			sourceTree = "<group>";
		};
		D2D8819E13AB00D800C2BBEE /* Supporting Files */ = {
			isa = PBXGroup;
			children = (
				D2D8819F13AB00D800C2BBEE /* UVDemo-Info.plist */,
				D2D881A013AB00D800C2BBEE /* InfoPlist.strings */,
				D2D881A313AB00D800C2BBEE /* UVDemo-Prefix.pch */,
				D2D881A413AB00D800C2BBEE /* main.m */,
			);
			name = "Supporting Files";
			sourceTree = "<group>";
		};
		D9276769155083A500E17EF1 /* UVResources */ = {
			isa = PBXGroup;
			children = (
				D927676A155083A500E17EF1 /* en.lproj */,
				D927676B155083A500E17EF1 /* fr.lproj */,
				D927676C155083A500E17EF1 /* uv_alert@2x.png */,
				D927676D155083A500E17EF1 /* uv_default_avatar@2x.png */,
				D927676E155083A500E17EF1 /* uv_error_connection@2x.png */,
				D927676F155083A500E17EF1 /* uv_karma_star@2x.png */,
				D9276770155083A500E17EF1 /* uv_logo@2x.png */,
				D9276771155083A500E17EF1 /* uv_primary_button_green_active@2x.png */,
				D9276772155083A500E17EF1 /* uv_primary_button_green@2x.png */,
				D9276773155083A500E17EF1 /* uv_primary_button_red_active@2x.png */,
				D9276774155083A500E17EF1 /* uv_primary_button_red@2x.png */,
				D9276775155083A500E17EF1 /* uv_user_chicklet_dark@2x.png */,
				D9276776155083A500E17EF1 /* uv_user_chicklet_detail@2x.png */,
				D9276777155083A500E17EF1 /* uv_user_chicklet_light@2x.png */,
				D9276778155083A500E17EF1 /* uv_vote_chicklet_empty@2x.png */,
				D9276779155083A500E17EF1 /* uv_vote_chicklet@2x.png */,
				D927677A155083A500E17EF1 /* uv_alert.png */,
				D927677B155083A500E17EF1 /* uv_default_avatar.png */,
				D927677C155083A500E17EF1 /* uv_error_connection.png */,
				D927677D155083A500E17EF1 /* uv_karma_star.png */,
				D927677E155083A500E17EF1 /* uv_logo.png */,
				D927677F155083A500E17EF1 /* uv_primary_button_green.png */,
				D9276780155083A500E17EF1 /* uv_primary_button_green_active.png */,
				D9276781155083A500E17EF1 /* uv_primary_button_red.png */,
				D9276782155083A500E17EF1 /* uv_primary_button_red_active.png */,
				D9276783155083A500E17EF1 /* uv_user_chicklet_dark.png */,
				D9276784155083A500E17EF1 /* uv_user_chicklet_detail.png */,
				D9276785155083A500E17EF1 /* uv_user_chicklet_light.png */,
				D9276786155083A500E17EF1 /* uv_vote_chicklet.png */,
				D9276787155083A500E17EF1 /* uv_vote_chicklet_empty.png */,
			);
			name = UVResources;
			path = ../UserVoiceSDK/Resources;
			sourceTree = "<group>";
		};
		D927676A155083A500E17EF1 /* en.lproj */ = {
			isa = PBXGroup;
			children = (
				D9276788155083A500E17EF1 /* UserVoice.strings */,
			);
			path = en.lproj;
			sourceTree = "<group>";
		};
		D927676B155083A500E17EF1 /* fr.lproj */ = {
			isa = PBXGroup;
			children = (
				D927678A155083A500E17EF1 /* UserVoice.strings */,
			);
			path = fr.lproj;
			sourceTree = "<group>";
		};
		D98C0C9014C08613008493F2 /* UVHeaders */ = {
			isa = PBXGroup;
			children = (
				D925A4A41507EB07004AF3BF /* UVConfig.h */,
				D98C0C9114C08613008493F2 /* UserVoice.h */,
				D98C0C9214C08613008493F2 /* UVStyleSheet.h */,
				D9F2060114C088FE00F4441E /* UVDelegate.h */,
			);
			name = UVHeaders;
			path = ../UserVoiceSDK/Include;
			sourceTree = "<group>";
		};
/* End PBXGroup section */

/* Begin PBXNativeTarget section */
		D2D8819213AB00D700C2BBEE /* UVDemo */ = {
			isa = PBXNativeTarget;
			buildConfigurationList = D2D881CA13AB00D800C2BBEE /* Build configuration list for PBXNativeTarget "UVDemo" */;
			buildPhases = (
				D2D8818F13AB00D700C2BBEE /* Sources */,
				D2D8819013AB00D700C2BBEE /* Frameworks */,
				D2D8819113AB00D700C2BBEE /* Resources */,
			);
			buildRules = (
			);
			dependencies = (
			);
			name = UVDemo;
			productName = UVDemo;
			productReference = D2D8819313AB00D800C2BBEE /* UVDemo.app */;
			productType = "com.apple.product-type.application";
		};
/* End PBXNativeTarget section */

/* Begin PBXProject section */
		D2D8818A13AB00D700C2BBEE /* Project object */ = {
			isa = PBXProject;
			attributes = {
				LastUpgradeCheck = 0420;
				ORGANIZATIONNAME = Uservoice;
			};
			buildConfigurationList = D2D8818D13AB00D700C2BBEE /* Build configuration list for PBXProject "UVDemo" */;
			compatibilityVersion = "Xcode 3.2";
			developmentRegion = English;
			hasScannedForEncodings = 0;
			knownRegions = (
				en,
			);
			mainGroup = D2D8818813AB00D700C2BBEE;
			productRefGroup = D2D8819413AB00D800C2BBEE /* Products */;
			projectDirPath = "";
			projectRoot = "";
			targets = (
				D2D8819213AB00D700C2BBEE /* UVDemo */,
			);
		};
/* End PBXProject section */

/* Begin PBXResourcesBuildPhase section */
		D2D8819113AB00D700C2BBEE /* Resources */ = {
			isa = PBXResourcesBuildPhase;
			buildActionMask = 2147483647;
			files = (
				D2D881A213AB00D800C2BBEE /* InfoPlist.strings in Resources */,
				D2D881AB13AB00D800C2BBEE /* MainWindow.xib in Resources */,
				D2D881B113AB00D800C2BBEE /* RootViewController.xib in Resources */,
				D927678C155083A500E17EF1 /* UserVoice.strings in Resources */,
				D927678D155083A500E17EF1 /* UserVoice.strings in Resources */,
				D927678E155083A500E17EF1 /* uv_alert@2x.png in Resources */,
				D927678F155083A500E17EF1 /* uv_default_avatar@2x.png in Resources */,
				D9276790155083A500E17EF1 /* uv_error_connection@2x.png in Resources */,
				D9276791155083A500E17EF1 /* uv_karma_star@2x.png in Resources */,
				D9276792155083A500E17EF1 /* uv_logo@2x.png in Resources */,
				D9276793155083A500E17EF1 /* uv_primary_button_green_active@2x.png in Resources */,
				D9276794155083A500E17EF1 /* uv_primary_button_green@2x.png in Resources */,
				D9276795155083A500E17EF1 /* uv_primary_button_red_active@2x.png in Resources */,
				D9276796155083A500E17EF1 /* uv_primary_button_red@2x.png in Resources */,
				D9276797155083A500E17EF1 /* uv_user_chicklet_dark@2x.png in Resources */,
				D9276798155083A500E17EF1 /* uv_user_chicklet_detail@2x.png in Resources */,
				D9276799155083A500E17EF1 /* uv_user_chicklet_light@2x.png in Resources */,
				D927679A155083A500E17EF1 /* uv_vote_chicklet_empty@2x.png in Resources */,
				D927679B155083A500E17EF1 /* uv_vote_chicklet@2x.png in Resources */,
				D927679C155083A500E17EF1 /* uv_alert.png in Resources */,
				D927679D155083A500E17EF1 /* uv_default_avatar.png in Resources */,
				D927679E155083A500E17EF1 /* uv_error_connection.png in Resources */,
				D927679F155083A500E17EF1 /* uv_karma_star.png in Resources */,
				D92767A0155083A500E17EF1 /* uv_logo.png in Resources */,
				D92767A1155083A500E17EF1 /* uv_primary_button_green.png in Resources */,
				D92767A2155083A500E17EF1 /* uv_primary_button_green_active.png in Resources */,
				D92767A3155083A500E17EF1 /* uv_primary_button_red.png in Resources */,
				D92767A4155083A500E17EF1 /* uv_primary_button_red_active.png in Resources */,
				D92767A5155083A500E17EF1 /* uv_user_chicklet_dark.png in Resources */,
				D92767A6155083A500E17EF1 /* uv_user_chicklet_detail.png in Resources */,
				D92767A7155083A500E17EF1 /* uv_user_chicklet_light.png in Resources */,
				D92767A8155083A500E17EF1 /* uv_vote_chicklet.png in Resources */,
				D92767A9155083A500E17EF1 /* uv_vote_chicklet_empty.png in Resources */,
			);
			runOnlyForDeploymentPostprocessing = 0;
		};
/* End PBXResourcesBuildPhase section */

/* Begin PBXSourcesBuildPhase section */
		D2D8818F13AB00D700C2BBEE /* Sources */ = {
			isa = PBXSourcesBuildPhase;
			buildActionMask = 2147483647;
			files = (
				D2D881A513AB00D800C2BBEE /* main.m in Sources */,
				D2D881A813AB00D800C2BBEE /* UVDemoAppDelegate.m in Sources */,
				D2D881AE13AB00D800C2BBEE /* RootViewController.m in Sources */,
				D98A11FB14BB7D9300DD25D0 /* DemoStyleSheet.m in Sources */,
			);
			runOnlyForDeploymentPostprocessing = 0;
		};
/* End PBXSourcesBuildPhase section */

/* Begin PBXVariantGroup section */
		D2D881A013AB00D800C2BBEE /* InfoPlist.strings */ = {
			isa = PBXVariantGroup;
			children = (
				D2D881A113AB00D800C2BBEE /* en */,
			);
			name = InfoPlist.strings;
			sourceTree = "<group>";
		};
		D2D881A913AB00D800C2BBEE /* MainWindow.xib */ = {
			isa = PBXVariantGroup;
			children = (
				D2D881AA13AB00D800C2BBEE /* en */,
			);
			name = MainWindow.xib;
			sourceTree = "<group>";
		};
		D2D881AF13AB00D800C2BBEE /* RootViewController.xib */ = {
			isa = PBXVariantGroup;
			children = (
				D2D881B013AB00D800C2BBEE /* en */,
			);
			name = RootViewController.xib;
			sourceTree = "<group>";
		};
		D9276788155083A500E17EF1 /* UserVoice.strings */ = {
			isa = PBXVariantGroup;
			children = (
				D9276789155083A500E17EF1 /* en */,
			);
			name = UserVoice.strings;
			path = ../UserVoiceSDK/Resources/en.lproj;
			sourceTree = "<group>";
		};
		D927678A155083A500E17EF1 /* UserVoice.strings */ = {
			isa = PBXVariantGroup;
			children = (
				D927678B155083A500E17EF1 /* fr */,
			);
			name = UserVoice.strings;
			path = ../UserVoiceSDK/Resources/fr.lproj;
			sourceTree = "<group>";
		};
/* End PBXVariantGroup section */

/* Begin XCBuildConfiguration section */
		D2D881C813AB00D800C2BBEE /* Debug */ = {
			isa = XCBuildConfiguration;
			buildSettings = {
				ARCHS = "$(ARCHS_STANDARD_32_BIT)";
				"CODE_SIGN_IDENTITY[sdk=iphoneos*]" = "iPhone Developer: Austin Taylor (7SMBK8U887)";
				GCC_C_LANGUAGE_STANDARD = gnu99;
				GCC_OPTIMIZATION_LEVEL = 0;
				GCC_PREPROCESSOR_DEFINITIONS = DEBUG;
				GCC_SYMBOLS_PRIVATE_EXTERN = NO;
				GCC_VERSION = com.apple.compilers.llvmgcc42;
				GCC_WARN_ABOUT_RETURN_TYPE = YES;
				GCC_WARN_UNUSED_VARIABLE = YES;
				IPHONEOS_DEPLOYMENT_TARGET = 4.3;
				"PROVISIONING_PROFILE[sdk=iphoneos*]" = "25558DDE-9AA2-42C8-A814-37E195B3550D";
				SDKROOT = iphoneos;
				TARGETED_DEVICE_FAMILY = "1,2";
			};
			name = Debug;
		};
		D2D881C913AB00D800C2BBEE /* Release */ = {
			isa = XCBuildConfiguration;
			buildSettings = {
				ARCHS = "$(ARCHS_STANDARD_32_BIT)";
				"CODE_SIGN_IDENTITY[sdk=iphoneos*]" = "iPhone Developer: Austin Taylor (7SMBK8U887)";
				GCC_C_LANGUAGE_STANDARD = gnu99;
				GCC_VERSION = com.apple.compilers.llvmgcc42;
				GCC_WARN_ABOUT_RETURN_TYPE = YES;
				GCC_WARN_UNUSED_VARIABLE = YES;
				IPHONEOS_DEPLOYMENT_TARGET = 4.3;
				OTHER_CFLAGS = "-DNS_BLOCK_ASSERTIONS=1";
				"PROVISIONING_PROFILE[sdk=iphoneos*]" = "25558DDE-9AA2-42C8-A814-37E195B3550D";
				SDKROOT = iphoneos;
				TARGETED_DEVICE_FAMILY = "1,2";
			};
			name = Release;
		};
		D2D881CB13AB00D800C2BBEE /* Debug */ = {
			isa = XCBuildConfiguration;
			buildSettings = {
				ALWAYS_SEARCH_USER_PATHS = YES;
				COPY_PHASE_STRIP = NO;
				GCC_DYNAMIC_NO_PIC = NO;
				GCC_PRECOMPILE_PREFIX_HEADER = YES;
				GCC_PREFIX_HEADER = "Classes/UVDemo-Prefix.pch";
				GCC_VERSION = com.apple.compilers.llvm.clang.1_0;
				HEADER_SEARCH_PATHS = "";
				INFOPLIST_FILE = "Classes/UVDemo-Info.plist";
				IPHONEOS_DEPLOYMENT_TARGET = 4.3;
				LIBRARY_SEARCH_PATHS = (
					"$(inherited)",
					"\"$(SRCROOT)\"",
					"\"$(SRCROOT)/../DerivedData/UVDemoWorkspace/Build/Products/Debug-iphoneos\"",
				);
				OTHER_LDFLAGS = "-ObjC";
				PRODUCT_NAME = "$(TARGET_NAME)";
				TARGETED_DEVICE_FAMILY = "1,2";
				USER_HEADER_SEARCH_PATHS = "$(BUILT_PRODUCTS_DIR)/**";
				WRAPPER_EXTENSION = app;
			};
			name = Debug;
		};
		D2D881CC13AB00D800C2BBEE /* Release */ = {
			isa = XCBuildConfiguration;
			buildSettings = {
				ALWAYS_SEARCH_USER_PATHS = YES;
				COPY_PHASE_STRIP = YES;
				GCC_PRECOMPILE_PREFIX_HEADER = YES;
				GCC_PREFIX_HEADER = "Classes/UVDemo-Prefix.pch";
				GCC_VERSION = com.apple.compilers.llvm.clang.1_0;
				HEADER_SEARCH_PATHS = "";
				INFOPLIST_FILE = "Classes/UVDemo-Info.plist";
				IPHONEOS_DEPLOYMENT_TARGET = 4.3;
				LIBRARY_SEARCH_PATHS = (
					"$(inherited)",
					"\"$(SRCROOT)\"",
					"\"$(SRCROOT)/../DerivedData/UVDemoWorkspace/Build/Products/Debug-iphoneos\"",
				);
				OTHER_LDFLAGS = "-ObjC";
				PRODUCT_NAME = "$(TARGET_NAME)";
				TARGETED_DEVICE_FAMILY = "1,2";
				USER_HEADER_SEARCH_PATHS = "$(BUILT_PRODUCTS_DIR)/**";
				VALIDATE_PRODUCT = YES;
				WRAPPER_EXTENSION = app;
			};
			name = Release;
		};
/* End XCBuildConfiguration section */

/* Begin XCConfigurationList section */
		D2D8818D13AB00D700C2BBEE /* Build configuration list for PBXProject "UVDemo" */ = {
			isa = XCConfigurationList;
			buildConfigurations = (
				D2D881C813AB00D800C2BBEE /* Debug */,
				D2D881C913AB00D800C2BBEE /* Release */,
			);
			defaultConfigurationIsVisible = 0;
			defaultConfigurationName = Release;
		};
		D2D881CA13AB00D800C2BBEE /* Build configuration list for PBXNativeTarget "UVDemo" */ = {
			isa = XCConfigurationList;
			buildConfigurations = (
				D2D881CB13AB00D800C2BBEE /* Debug */,
				D2D881CC13AB00D800C2BBEE /* Release */,
			);
			defaultConfigurationIsVisible = 0;
			defaultConfigurationName = Release;
		};
/* End XCConfigurationList section */
	};
	rootObject = D2D8818A13AB00D700C2BBEE /* Project object */;
}
