// !$*UTF8*$!
{
	archiveVersion = 1;
	classes = {
	};
	objectVersion = 46;
	objects = {

/* Begin PBXBuildFile section */
		D944262817FA2AF5002F716B /* Foundation.framework in Frameworks */ = {isa = PBXBuildFile; fileRef = D944262717FA2AF5002F716B /* Foundation.framework */; };
		D944262A17FA2AF5002F716B /* CoreGraphics.framework in Frameworks */ = {isa = PBXBuildFile; fileRef = D944262917FA2AF5002F716B /* CoreGraphics.framework */; };
		D944262C17FA2AF5002F716B /* UIKit.framework in Frameworks */ = {isa = PBXBuildFile; fileRef = D944262B17FA2AF5002F716B /* UIKit.framework */; };
		D944263217FA2AF5002F716B /* InfoPlist.strings in Resources */ = {isa = PBXBuildFile; fileRef = D944263017FA2AF5002F716B /* InfoPlist.strings */; };
		D944263417FA2AF5002F716B /* main.m in Sources */ = {isa = PBXBuildFile; fileRef = D944263317FA2AF5002F716B /* main.m */; };
		D944263817FA2AF5002F716B /* UVAppDelegate.m in Sources */ = {isa = PBXBuildFile; fileRef = D944263717FA2AF5002F716B /* UVAppDelegate.m */; };
		D944263B17FA2AF5002F716B /* Main_iPhone.storyboard in Resources */ = {isa = PBXBuildFile; fileRef = D944263917FA2AF5002F716B /* Main_iPhone.storyboard */; };
		D944263E17FA2AF5002F716B /* Main_iPad.storyboard in Resources */ = {isa = PBXBuildFile; fileRef = D944263C17FA2AF5002F716B /* Main_iPad.storyboard */; };
		D944264117FA2AF5002F716B /* UVViewController.m in Sources */ = {isa = PBXBuildFile; fileRef = D944264017FA2AF5002F716B /* UVViewController.m */; };
		D944264317FA2AF5002F716B /* Images.xcassets in Resources */ = {isa = PBXBuildFile; fileRef = D944264217FA2AF5002F716B /* Images.xcassets */; };
		D944266017FA2B15002F716B /* QuartzCore.framework in Frameworks */ = {isa = PBXBuildFile; fileRef = D944265F17FA2B15002F716B /* QuartzCore.framework */; };
		D944266217FA2B1D002F716B /* SystemConfiguration.framework in Frameworks */ = {isa = PBXBuildFile; fileRef = D944266117FA2B1D002F716B /* SystemConfiguration.framework */; };
		D944266417FA2B20002F716B /* libUserVoice.a in Frameworks */ = {isa = PBXBuildFile; fileRef = D944266317FA2B20002F716B /* libUserVoice.a */; };
		D944268917FA2B27002F716B /* PDDebugger.h in Resources */ = {isa = PBXBuildFile; fileRef = D944266517FA2B27002F716B /* PDDebugger.h */; };
		D944268A17FA2B27002F716B /* UVConfig.h in Resources */ = {isa = PBXBuildFile; fileRef = D944266617FA2B27002F716B /* UVConfig.h */; };
		D944268B17FA2B27002F716B /* UserVoice.h in Resources */ = {isa = PBXBuildFile; fileRef = D944266717FA2B27002F716B /* UserVoice.h */; };
		D944268C17FA2B27002F716B /* UVStyleSheet.h in Resources */ = {isa = PBXBuildFile; fileRef = D944266817FA2B27002F716B /* UVStyleSheet.h */; };
		D944268D17FA2B27002F716B /* UVDelegate.h in Resources */ = {isa = PBXBuildFile; fileRef = D944266917FA2B27002F716B /* UVDelegate.h */; };
		D944268E17FA2B27002F716B /* UserVoice.strings in Resources */ = {isa = PBXBuildFile; fileRef = D944266C17FA2B27002F716B /* UserVoice.strings */; };
		D944268F17FA2B27002F716B /* UserVoice.strings in Resources */ = {isa = PBXBuildFile; fileRef = D944266F17FA2B27002F716B /* UserVoice.strings */; };
		D944269017FA2B27002F716B /* UserVoice.strings in Resources */ = {isa = PBXBuildFile; fileRef = D944267217FA2B27002F716B /* UserVoice.strings */; };
		D944269117FA2B27002F716B /* UserVoice.strings in Resources */ = {isa = PBXBuildFile; fileRef = D944267517FA2B27002F716B /* UserVoice.strings */; };
		D944269217FA2B27002F716B /* UserVoice.strings in Resources */ = {isa = PBXBuildFile; fileRef = D944267817FA2B27002F716B /* UserVoice.strings */; };
		D944269317FA2B27002F716B /* uv_article@2x.png in Resources */ = {isa = PBXBuildFile; fileRef = D944267A17FA2B27002F716B /* uv_article@2x.png */; };
		D944269417FA2B27002F716B /* uv_article.png in Resources */ = {isa = PBXBuildFile; fileRef = D944267B17FA2B27002F716B /* uv_article.png */; };
		D944269517FA2B27002F716B /* uv_default_avatar@2x.png in Resources */ = {isa = PBXBuildFile; fileRef = D944267C17FA2B27002F716B /* uv_default_avatar@2x.png */; };
		D944269617FA2B27002F716B /* uv_default_avatar.png in Resources */ = {isa = PBXBuildFile; fileRef = D944267D17FA2B27002F716B /* uv_default_avatar.png */; };
		D944269717FA2B27002F716B /* uv_idea@2x.png in Resources */ = {isa = PBXBuildFile; fileRef = D944267E17FA2B27002F716B /* uv_idea@2x.png */; };
		D944269817FA2B27002F716B /* uv_idea.png in Resources */ = {isa = PBXBuildFile; fileRef = D944267F17FA2B27002F716B /* uv_idea.png */; };
		D944269917FA2B27002F716B /* uv_logo@2x.png in Resources */ = {isa = PBXBuildFile; fileRef = D944268017FA2B27002F716B /* uv_logo@2x.png */; };
		D944269A17FA2B27002F716B /* uv_logo.png in Resources */ = {isa = PBXBuildFile; fileRef = D944268117FA2B27002F716B /* uv_logo.png */; };
		D944269B17FA2B27002F716B /* uv_vote_chicklet@2x.png in Resources */ = {isa = PBXBuildFile; fileRef = D944268217FA2B27002F716B /* uv_vote_chicklet@2x.png */; };
		D944269C17FA2B27002F716B /* uv_vote_chicklet.png in Resources */ = {isa = PBXBuildFile; fileRef = D944268317FA2B27002F716B /* uv_vote_chicklet.png */; };
		D944269D17FA2B27002F716B /* uv_vote_chicklet_empty@2x.png in Resources */ = {isa = PBXBuildFile; fileRef = D944268417FA2B27002F716B /* uv_vote_chicklet_empty@2x.png */; };
		D944269E17FA2B27002F716B /* uv_vote_chicklet_empty.png in Resources */ = {isa = PBXBuildFile; fileRef = D944268517FA2B27002F716B /* uv_vote_chicklet_empty.png */; };
		D944269F17FA2B27002F716B /* uv_x@2x.png in Resources */ = {isa = PBXBuildFile; fileRef = D944268617FA2B27002F716B /* uv_x@2x.png */; };
		D94426A017FA2B27002F716B /* uv_x.png in Resources */ = {isa = PBXBuildFile; fileRef = D944268717FA2B27002F716B /* uv_x.png */; };
		D94426A317FB63E7002F716B /* DemoStyleSheet.m in Sources */ = {isa = PBXBuildFile; fileRef = D94426A217FB63E7002F716B /* DemoStyleSheet.m */; };
/* End PBXBuildFile section */

/* Begin PBXFileReference section */
		D944262417FA2AF5002F716B /* UVDemo2.app */ = {isa = PBXFileReference; explicitFileType = wrapper.application; includeInIndex = 0; path = UVDemo2.app; sourceTree = BUILT_PRODUCTS_DIR; };
		D944262717FA2AF5002F716B /* Foundation.framework */ = {isa = PBXFileReference; lastKnownFileType = wrapper.framework; name = Foundation.framework; path = System/Library/Frameworks/Foundation.framework; sourceTree = SDKROOT; };
		D944262917FA2AF5002F716B /* CoreGraphics.framework */ = {isa = PBXFileReference; lastKnownFileType = wrapper.framework; name = CoreGraphics.framework; path = System/Library/Frameworks/CoreGraphics.framework; sourceTree = SDKROOT; };
		D944262B17FA2AF5002F716B /* UIKit.framework */ = {isa = PBXFileReference; lastKnownFileType = wrapper.framework; name = UIKit.framework; path = System/Library/Frameworks/UIKit.framework; sourceTree = SDKROOT; };
		D944262F17FA2AF5002F716B /* UVDemo2-Info.plist */ = {isa = PBXFileReference; lastKnownFileType = text.plist.xml; path = "UVDemo2-Info.plist"; sourceTree = "<group>"; };
		D944263117FA2AF5002F716B /* en */ = {isa = PBXFileReference; lastKnownFileType = text.plist.strings; name = en; path = en.lproj/InfoPlist.strings; sourceTree = "<group>"; };
		D944263317FA2AF5002F716B /* main.m */ = {isa = PBXFileReference; lastKnownFileType = sourcecode.c.objc; path = main.m; sourceTree = "<group>"; };
		D944263517FA2AF5002F716B /* UVDemo2-Prefix.pch */ = {isa = PBXFileReference; lastKnownFileType = sourcecode.c.h; path = "UVDemo2-Prefix.pch"; sourceTree = "<group>"; };
		D944263617FA2AF5002F716B /* UVAppDelegate.h */ = {isa = PBXFileReference; lastKnownFileType = sourcecode.c.h; path = UVAppDelegate.h; sourceTree = "<group>"; };
		D944263717FA2AF5002F716B /* UVAppDelegate.m */ = {isa = PBXFileReference; lastKnownFileType = sourcecode.c.objc; path = UVAppDelegate.m; sourceTree = "<group>"; };
		D944263A17FA2AF5002F716B /* Base */ = {isa = PBXFileReference; lastKnownFileType = file.storyboard; name = Base; path = Base.lproj/Main_iPhone.storyboard; sourceTree = "<group>"; };
		D944263D17FA2AF5002F716B /* Base */ = {isa = PBXFileReference; lastKnownFileType = file.storyboard; name = Base; path = Base.lproj/Main_iPad.storyboard; sourceTree = "<group>"; };
		D944263F17FA2AF5002F716B /* UVViewController.h */ = {isa = PBXFileReference; lastKnownFileType = sourcecode.c.h; path = UVViewController.h; sourceTree = "<group>"; };
		D944264017FA2AF5002F716B /* UVViewController.m */ = {isa = PBXFileReference; lastKnownFileType = sourcecode.c.objc; path = UVViewController.m; sourceTree = "<group>"; };
		D944264217FA2AF5002F716B /* Images.xcassets */ = {isa = PBXFileReference; lastKnownFileType = folder.assetcatalog; path = Images.xcassets; sourceTree = "<group>"; };
		D944264917FA2AF5002F716B /* XCTest.framework */ = {isa = PBXFileReference; lastKnownFileType = wrapper.framework; name = XCTest.framework; path = Library/Frameworks/XCTest.framework; sourceTree = DEVELOPER_DIR; };
		D944265F17FA2B15002F716B /* QuartzCore.framework */ = {isa = PBXFileReference; lastKnownFileType = wrapper.framework; name = QuartzCore.framework; path = System/Library/Frameworks/QuartzCore.framework; sourceTree = SDKROOT; };
		D944266117FA2B1D002F716B /* SystemConfiguration.framework */ = {isa = PBXFileReference; lastKnownFileType = wrapper.framework; name = SystemConfiguration.framework; path = System/Library/Frameworks/SystemConfiguration.framework; sourceTree = SDKROOT; };
		D944266317FA2B20002F716B /* libUserVoice.a */ = {isa = PBXFileReference; lastKnownFileType = archive.ar; name = libUserVoice.a; path = "../../../Library/Developer/Xcode/DerivedData/UVDemoWorkspace-aodbuenycsnfqhgkkaxaekngoiil/Build/Products/Release-iphoneos/libUserVoice.a"; sourceTree = "<group>"; };
		D944266517FA2B27002F716B /* PDDebugger.h */ = {isa = PBXFileReference; fileEncoding = 4; lastKnownFileType = file; name = PDDebugger.h; path = ../../Frameworks/PonyDebugger/ObjC/PonyDebugger/PDDebugger.h; sourceTree = "<group>"; };
		D944266617FA2B27002F716B /* UVConfig.h */ = {isa = PBXFileReference; fileEncoding = 4; lastKnownFileType = file; path = UVConfig.h; sourceTree = "<group>"; };
		D944266717FA2B27002F716B /* UserVoice.h */ = {isa = PBXFileReference; lastKnownFileType = file; path = UserVoice.h; sourceTree = "<group>"; };
		D944266817FA2B27002F716B /* UVStyleSheet.h */ = {isa = PBXFileReference; fileEncoding = 4; lastKnownFileType = file; path = UVStyleSheet.h; sourceTree = "<group>"; };
		D944266917FA2B27002F716B /* UVDelegate.h */ = {isa = PBXFileReference; fileEncoding = 4; lastKnownFileType = file; path = UVDelegate.h; sourceTree = "<group>"; };
		D944266B17FA2B27002F716B /* it */ = {isa = PBXFileReference; lastKnownFileType = file; name = it; path = UserVoice.strings; sourceTree = "<group>"; };
		D944266E17FA2B27002F716B /* nl */ = {isa = PBXFileReference; lastKnownFileType = file; name = nl; path = UserVoice.strings; sourceTree = "<group>"; };
		D944267117FA2B27002F716B /* zh-Hant */ = {isa = PBXFileReference; lastKnownFileType = file; name = "zh-Hant"; path = UserVoice.strings; sourceTree = "<group>"; };
		D944267417FA2B27002F716B /* en */ = {isa = PBXFileReference; lastKnownFileType = file; name = en; path = UserVoice.strings; sourceTree = "<group>"; };
		D944267717FA2B27002F716B /* fr */ = {isa = PBXFileReference; lastKnownFileType = file; name = fr; path = UserVoice.strings; sourceTree = "<group>"; };
		D944267A17FA2B27002F716B /* uv_article@2x.png */ = {isa = PBXFileReference; lastKnownFileType = file; path = "uv_article@2x.png"; sourceTree = "<group>"; };
		D944267B17FA2B27002F716B /* uv_article.png */ = {isa = PBXFileReference; lastKnownFileType = file; path = uv_article.png; sourceTree = "<group>"; };
		D944267C17FA2B27002F716B /* uv_default_avatar@2x.png */ = {isa = PBXFileReference; lastKnownFileType = file; path = "uv_default_avatar@2x.png"; sourceTree = "<group>"; };
		D944267D17FA2B27002F716B /* uv_default_avatar.png */ = {isa = PBXFileReference; lastKnownFileType = file; path = uv_default_avatar.png; sourceTree = "<group>"; };
		D944267E17FA2B27002F716B /* uv_idea@2x.png */ = {isa = PBXFileReference; lastKnownFileType = file; path = "uv_idea@2x.png"; sourceTree = "<group>"; };
		D944267F17FA2B27002F716B /* uv_idea.png */ = {isa = PBXFileReference; lastKnownFileType = file; path = uv_idea.png; sourceTree = "<group>"; };
		D944268017FA2B27002F716B /* uv_logo@2x.png */ = {isa = PBXFileReference; lastKnownFileType = file; path = "uv_logo@2x.png"; sourceTree = "<group>"; };
		D944268117FA2B27002F716B /* uv_logo.png */ = {isa = PBXFileReference; lastKnownFileType = file; path = uv_logo.png; sourceTree = "<group>"; };
		D944268217FA2B27002F716B /* uv_vote_chicklet@2x.png */ = {isa = PBXFileReference; lastKnownFileType = file; path = "uv_vote_chicklet@2x.png"; sourceTree = "<group>"; };
		D944268317FA2B27002F716B /* uv_vote_chicklet.png */ = {isa = PBXFileReference; lastKnownFileType = file; path = uv_vote_chicklet.png; sourceTree = "<group>"; };
		D944268417FA2B27002F716B /* uv_vote_chicklet_empty@2x.png */ = {isa = PBXFileReference; lastKnownFileType = file; path = "uv_vote_chicklet_empty@2x.png"; sourceTree = "<group>"; };
		D944268517FA2B27002F716B /* uv_vote_chicklet_empty.png */ = {isa = PBXFileReference; lastKnownFileType = file; path = uv_vote_chicklet_empty.png; sourceTree = "<group>"; };
		D944268617FA2B27002F716B /* uv_x@2x.png */ = {isa = PBXFileReference; lastKnownFileType = file; path = "uv_x@2x.png"; sourceTree = "<group>"; };
		D944268717FA2B27002F716B /* uv_x.png */ = {isa = PBXFileReference; lastKnownFileType = file; path = uv_x.png; sourceTree = "<group>"; };
		D94426A117FB63E7002F716B /* DemoStyleSheet.h */ = {isa = PBXFileReference; fileEncoding = 4; lastKnownFileType = sourcecode.c.h; path = DemoStyleSheet.h; sourceTree = "<group>"; };
		D94426A217FB63E7002F716B /* DemoStyleSheet.m */ = {isa = PBXFileReference; fileEncoding = 4; lastKnownFileType = sourcecode.c.objc; path = DemoStyleSheet.m; sourceTree = "<group>"; };
/* End PBXFileReference section */

/* Begin PBXFrameworksBuildPhase section */
		D944262117FA2AF5002F716B /* Frameworks */ = {
			isa = PBXFrameworksBuildPhase;
			buildActionMask = 2147483647;
			files = (
				D944266417FA2B20002F716B /* libUserVoice.a in Frameworks */,
				D944266217FA2B1D002F716B /* SystemConfiguration.framework in Frameworks */,
				D944266017FA2B15002F716B /* QuartzCore.framework in Frameworks */,
				D944262A17FA2AF5002F716B /* CoreGraphics.framework in Frameworks */,
				D944262C17FA2AF5002F716B /* UIKit.framework in Frameworks */,
				D944262817FA2AF5002F716B /* Foundation.framework in Frameworks */,
			);
			runOnlyForDeploymentPostprocessing = 0;
		};
/* End PBXFrameworksBuildPhase section */

/* Begin PBXGroup section */
		D944261B17FA2AF5002F716B = {
			isa = PBXGroup;
			children = (
				D944266A17FA2B27002F716B /* UVHeaders */,
				D944268817FA2B27002F716B /* UVResources */,
				D944262D17FA2AF5002F716B /* UVDemo2 */,
				D944262617FA2AF5002F716B /* Frameworks */,
				D944262517FA2AF5002F716B /* Products */,
			);
			sourceTree = "<group>";
		};
		D944262517FA2AF5002F716B /* Products */ = {
			isa = PBXGroup;
			children = (
				D944262417FA2AF5002F716B /* UVDemo2.app */,
			);
			name = Products;
			sourceTree = "<group>";
		};
		D944262617FA2AF5002F716B /* Frameworks */ = {
			isa = PBXGroup;
			children = (
				D944266317FA2B20002F716B /* libUserVoice.a */,
				D944266117FA2B1D002F716B /* SystemConfiguration.framework */,
				D944265F17FA2B15002F716B /* QuartzCore.framework */,
				D944262717FA2AF5002F716B /* Foundation.framework */,
				D944262917FA2AF5002F716B /* CoreGraphics.framework */,
				D944262B17FA2AF5002F716B /* UIKit.framework */,
				D944264917FA2AF5002F716B /* XCTest.framework */,
			);
			name = Frameworks;
			sourceTree = "<group>";
		};
		D944262D17FA2AF5002F716B /* UVDemo2 */ = {
			isa = PBXGroup;
			children = (
				D94426A117FB63E7002F716B /* DemoStyleSheet.h */,
				D94426A217FB63E7002F716B /* DemoStyleSheet.m */,
				D944263617FA2AF5002F716B /* UVAppDelegate.h */,
				D944263717FA2AF5002F716B /* UVAppDelegate.m */,
				D944263917FA2AF5002F716B /* Main_iPhone.storyboard */,
				D944263C17FA2AF5002F716B /* Main_iPad.storyboard */,
				D944263F17FA2AF5002F716B /* UVViewController.h */,
				D944264017FA2AF5002F716B /* UVViewController.m */,
				D944264217FA2AF5002F716B /* Images.xcassets */,
				D944262E17FA2AF5002F716B /* Supporting Files */,
			);
			path = UVDemo2;
			sourceTree = "<group>";
		};
		D944262E17FA2AF5002F716B /* Supporting Files */ = {
			isa = PBXGroup;
			children = (
				D944262F17FA2AF5002F716B /* UVDemo2-Info.plist */,
				D944263017FA2AF5002F716B /* InfoPlist.strings */,
				D944263317FA2AF5002F716B /* main.m */,
				D944263517FA2AF5002F716B /* UVDemo2-Prefix.pch */,
			);
			name = "Supporting Files";
			sourceTree = "<group>";
		};
		D944266A17FA2B27002F716B /* UVHeaders */ = {
			isa = PBXGroup;
			children = (
				D944266517FA2B27002F716B /* PDDebugger.h */,
				D944266617FA2B27002F716B /* UVConfig.h */,
				D944266717FA2B27002F716B /* UserVoice.h */,
				D944266817FA2B27002F716B /* UVStyleSheet.h */,
				D944266917FA2B27002F716B /* UVDelegate.h */,
			);
			name = UVHeaders;
			path = "/Users/austin/Workspace/ios-example/UVDemo/../UserVoiceSDK/Include";
			sourceTree = "<absolute>";
		};
		D944266D17FA2B27002F716B /* it.lproj */ = {
			isa = PBXGroup;
			children = (
				D944266C17FA2B27002F716B /* UserVoice.strings */,
			);
			path = it.lproj;
			sourceTree = "<group>";
		};
		D944267017FA2B27002F716B /* nl.lproj */ = {
			isa = PBXGroup;
			children = (
				D944266F17FA2B27002F716B /* UserVoice.strings */,
			);
			path = nl.lproj;
			sourceTree = "<group>";
		};
		D944267317FA2B27002F716B /* zh-Hant.lproj */ = {
			isa = PBXGroup;
			children = (
				D944267217FA2B27002F716B /* UserVoice.strings */,
			);
			path = "zh-Hant.lproj";
			sourceTree = "<group>";
		};
		D944267617FA2B27002F716B /* en.lproj */ = {
			isa = PBXGroup;
			children = (
				D944267517FA2B27002F716B /* UserVoice.strings */,
			);
			path = en.lproj;
			sourceTree = "<group>";
		};
		D944267917FA2B27002F716B /* fr.lproj */ = {
			isa = PBXGroup;
			children = (
				D944267817FA2B27002F716B /* UserVoice.strings */,
			);
			path = fr.lproj;
			sourceTree = "<group>";
		};
		D944268817FA2B27002F716B /* UVResources */ = {
			isa = PBXGroup;
			children = (
				D944266D17FA2B27002F716B /* it.lproj */,
				D944267017FA2B27002F716B /* nl.lproj */,
				D944267317FA2B27002F716B /* zh-Hant.lproj */,
				D944267617FA2B27002F716B /* en.lproj */,
				D944267917FA2B27002F716B /* fr.lproj */,
				D944267A17FA2B27002F716B /* uv_article@2x.png */,
				D944267B17FA2B27002F716B /* uv_article.png */,
				D944267C17FA2B27002F716B /* uv_default_avatar@2x.png */,
				D944267D17FA2B27002F716B /* uv_default_avatar.png */,
				D944267E17FA2B27002F716B /* uv_idea@2x.png */,
				D944267F17FA2B27002F716B /* uv_idea.png */,
				D944268017FA2B27002F716B /* uv_logo@2x.png */,
				D944268117FA2B27002F716B /* uv_logo.png */,
				D944268217FA2B27002F716B /* uv_vote_chicklet@2x.png */,
				D944268317FA2B27002F716B /* uv_vote_chicklet.png */,
				D944268417FA2B27002F716B /* uv_vote_chicklet_empty@2x.png */,
				D944268517FA2B27002F716B /* uv_vote_chicklet_empty.png */,
				D944268617FA2B27002F716B /* uv_x@2x.png */,
				D944268717FA2B27002F716B /* uv_x.png */,
			);
			name = UVResources;
			path = "/Users/austin/Workspace/ios-example/UVDemo/../UserVoiceSDK/Resources";
			sourceTree = "<absolute>";
		};
/* End PBXGroup section */

/* Begin PBXNativeTarget section */
		D944262317FA2AF5002F716B /* UVDemo2 */ = {
			isa = PBXNativeTarget;
			buildConfigurationList = D944265917FA2AF5002F716B /* Build configuration list for PBXNativeTarget "UVDemo2" */;
			buildPhases = (
				D944262017FA2AF5002F716B /* Sources */,
				D944262117FA2AF5002F716B /* Frameworks */,
				D944262217FA2AF5002F716B /* Resources */,
			);
			buildRules = (
			);
			dependencies = (
			);
			name = UVDemo2;
			productName = UVDemo2;
			productReference = D944262417FA2AF5002F716B /* UVDemo2.app */;
			productType = "com.apple.product-type.application";
		};
/* End PBXNativeTarget section */

/* Begin PBXProject section */
		D944261C17FA2AF5002F716B /* Project object */ = {
			isa = PBXProject;
			attributes = {
				CLASSPREFIX = UV;
				LastUpgradeCheck = 0500;
				ORGANIZATIONNAME = UserVoice;
			};
			buildConfigurationList = D944261F17FA2AF5002F716B /* Build configuration list for PBXProject "UVDemo2" */;
			compatibilityVersion = "Xcode 3.2";
			developmentRegion = English;
			hasScannedForEncodings = 0;
			knownRegions = (
				en,
				Base,
			);
			mainGroup = D944261B17FA2AF5002F716B;
			productRefGroup = D944262517FA2AF5002F716B /* Products */;
			projectDirPath = "";
			projectRoot = "";
			targets = (
				D944262317FA2AF5002F716B /* UVDemo2 */,
			);
		};
/* End PBXProject section */

/* Begin PBXResourcesBuildPhase section */
		D944262217FA2AF5002F716B /* Resources */ = {
			isa = PBXResourcesBuildPhase;
			buildActionMask = 2147483647;
			files = (
				D944268E17FA2B27002F716B /* UserVoice.strings in Resources */,
				D944269317FA2B27002F716B /* uv_article@2x.png in Resources */,
				D944269517FA2B27002F716B /* uv_default_avatar@2x.png in Resources */,
				D944269617FA2B27002F716B /* uv_default_avatar.png in Resources */,
				D944269717FA2B27002F716B /* uv_idea@2x.png in Resources */,
				D94426A017FA2B27002F716B /* uv_x.png in Resources */,
				D944269E17FA2B27002F716B /* uv_vote_chicklet_empty.png in Resources */,
				D944269D17FA2B27002F716B /* uv_vote_chicklet_empty@2x.png in Resources */,
				D944263E17FA2AF5002F716B /* Main_iPad.storyboard in Resources */,
				D944269B17FA2B27002F716B /* uv_vote_chicklet@2x.png in Resources */,
				D944269117FA2B27002F716B /* UserVoice.strings in Resources */,
				D944268C17FA2B27002F716B /* UVStyleSheet.h in Resources */,
				D944268D17FA2B27002F716B /* UVDelegate.h in Resources */,
				D944268F17FA2B27002F716B /* UserVoice.strings in Resources */,
				D944264317FA2AF5002F716B /* Images.xcassets in Resources */,
				D944269817FA2B27002F716B /* uv_idea.png in Resources */,
				D944269017FA2B27002F716B /* UserVoice.strings in Resources */,
				D944269217FA2B27002F716B /* UserVoice.strings in Resources */,
				D944268917FA2B27002F716B /* PDDebugger.h in Resources */,
				D944263B17FA2AF5002F716B /* Main_iPhone.storyboard in Resources */,
				D944263217FA2AF5002F716B /* InfoPlist.strings in Resources */,
				D944269A17FA2B27002F716B /* uv_logo.png in Resources */,
				D944268B17FA2B27002F716B /* UserVoice.h in Resources */,
				D944268A17FA2B27002F716B /* UVConfig.h in Resources */,
				D944269F17FA2B27002F716B /* uv_x@2x.png in Resources */,
				D944269C17FA2B27002F716B /* uv_vote_chicklet.png in Resources */,
				D944269917FA2B27002F716B /* uv_logo@2x.png in Resources */,
				D944269417FA2B27002F716B /* uv_article.png in Resources */,
			);
			runOnlyForDeploymentPostprocessing = 0;
		};
/* End PBXResourcesBuildPhase section */

/* Begin PBXSourcesBuildPhase section */
		D944262017FA2AF5002F716B /* Sources */ = {
			isa = PBXSourcesBuildPhase;
			buildActionMask = 2147483647;
			files = (
				D944263417FA2AF5002F716B /* main.m in Sources */,
				D944264117FA2AF5002F716B /* UVViewController.m in Sources */,
				D94426A317FB63E7002F716B /* DemoStyleSheet.m in Sources */,
				D944263817FA2AF5002F716B /* UVAppDelegate.m in Sources */,
			);
			runOnlyForDeploymentPostprocessing = 0;
		};
/* End PBXSourcesBuildPhase section */

/* Begin PBXVariantGroup section */
		D944263017FA2AF5002F716B /* InfoPlist.strings */ = {
			isa = PBXVariantGroup;
			children = (
				D944263117FA2AF5002F716B /* en */,
			);
			name = InfoPlist.strings;
			sourceTree = "<group>";
		};
		D944263917FA2AF5002F716B /* Main_iPhone.storyboard */ = {
			isa = PBXVariantGroup;
			children = (
				D944263A17FA2AF5002F716B /* Base */,
			);
			name = Main_iPhone.storyboard;
			sourceTree = "<group>";
		};
		D944263C17FA2AF5002F716B /* Main_iPad.storyboard */ = {
			isa = PBXVariantGroup;
			children = (
				D944263D17FA2AF5002F716B /* Base */,
			);
			name = Main_iPad.storyboard;
			sourceTree = "<group>";
		};
		D944266C17FA2B27002F716B /* UserVoice.strings */ = {
			isa = PBXVariantGroup;
			children = (
				D944266B17FA2B27002F716B /* it */,
			);
			name = UserVoice.strings;
			sourceTree = "<group>";
		};
		D944266F17FA2B27002F716B /* UserVoice.strings */ = {
			isa = PBXVariantGroup;
			children = (
				D944266E17FA2B27002F716B /* nl */,
			);
			name = UserVoice.strings;
			sourceTree = "<group>";
		};
		D944267217FA2B27002F716B /* UserVoice.strings */ = {
			isa = PBXVariantGroup;
			children = (
				D944267117FA2B27002F716B /* zh-Hant */,
			);
			name = UserVoice.strings;
			sourceTree = "<group>";
		};
		D944267517FA2B27002F716B /* UserVoice.strings */ = {
			isa = PBXVariantGroup;
			children = (
				D944267417FA2B27002F716B /* en */,
			);
			name = UserVoice.strings;
			sourceTree = "<group>";
		};
		D944267817FA2B27002F716B /* UserVoice.strings */ = {
			isa = PBXVariantGroup;
			children = (
				D944267717FA2B27002F716B /* fr */,
			);
			name = UserVoice.strings;
			sourceTree = "<group>";
		};
/* End PBXVariantGroup section */

/* Begin XCBuildConfiguration section */
		D944265717FA2AF5002F716B /* Debug */ = {
			isa = XCBuildConfiguration;
			buildSettings = {
				ALWAYS_SEARCH_USER_PATHS = NO;
				ARCHS = "$(ARCHS_STANDARD_INCLUDING_64_BIT)";
				CLANG_CXX_LANGUAGE_STANDARD = "gnu++0x";
				CLANG_CXX_LIBRARY = "libc++";
				CLANG_ENABLE_MODULES = YES;
				CLANG_ENABLE_OBJC_ARC = YES;
				CLANG_WARN_BOOL_CONVERSION = YES;
				CLANG_WARN_CONSTANT_CONVERSION = YES;
				CLANG_WARN_DIRECT_OBJC_ISA_USAGE = YES_ERROR;
				CLANG_WARN_EMPTY_BODY = YES;
				CLANG_WARN_ENUM_CONVERSION = YES;
				CLANG_WARN_INT_CONVERSION = YES;
				CLANG_WARN_OBJC_ROOT_CLASS = YES_ERROR;
				CLANG_WARN__DUPLICATE_METHOD_MATCH = YES;
				"CODE_SIGN_IDENTITY[sdk=iphoneos*]" = "iPhone Developer";
				COPY_PHASE_STRIP = NO;
				GCC_C_LANGUAGE_STANDARD = gnu99;
				GCC_DYNAMIC_NO_PIC = NO;
				GCC_OPTIMIZATION_LEVEL = 0;
				GCC_PREPROCESSOR_DEFINITIONS = (
					"DEBUG=1",
					"$(inherited)",
				);
				GCC_SYMBOLS_PRIVATE_EXTERN = NO;
				GCC_WARN_64_TO_32_BIT_CONVERSION = YES;
				GCC_WARN_ABOUT_RETURN_TYPE = YES_ERROR;
				GCC_WARN_UNDECLARED_SELECTOR = YES;
				GCC_WARN_UNINITIALIZED_AUTOS = YES;
				GCC_WARN_UNUSED_FUNCTION = YES;
				GCC_WARN_UNUSED_VARIABLE = YES;
				IPHONEOS_DEPLOYMENT_TARGET = 7.0;
				ONLY_ACTIVE_ARCH = YES;
				SDKROOT = iphoneos;
				TARGETED_DEVICE_FAMILY = "1,2";
			};
			name = Debug;
		};
		D944265817FA2AF5002F716B /* Release */ = {
			isa = XCBuildConfiguration;
			buildSettings = {
				ALWAYS_SEARCH_USER_PATHS = NO;
				ARCHS = "$(ARCHS_STANDARD_INCLUDING_64_BIT)";
				CLANG_CXX_LANGUAGE_STANDARD = "gnu++0x";
				CLANG_CXX_LIBRARY = "libc++";
				CLANG_ENABLE_MODULES = YES;
				CLANG_ENABLE_OBJC_ARC = YES;
				CLANG_WARN_BOOL_CONVERSION = YES;
				CLANG_WARN_CONSTANT_CONVERSION = YES;
				CLANG_WARN_DIRECT_OBJC_ISA_USAGE = YES_ERROR;
				CLANG_WARN_EMPTY_BODY = YES;
				CLANG_WARN_ENUM_CONVERSION = YES;
				CLANG_WARN_INT_CONVERSION = YES;
				CLANG_WARN_OBJC_ROOT_CLASS = YES_ERROR;
				CLANG_WARN__DUPLICATE_METHOD_MATCH = YES;
				"CODE_SIGN_IDENTITY[sdk=iphoneos*]" = "iPhone Developer";
				COPY_PHASE_STRIP = YES;
				ENABLE_NS_ASSERTIONS = NO;
				GCC_C_LANGUAGE_STANDARD = gnu99;
				GCC_WARN_64_TO_32_BIT_CONVERSION = YES;
				GCC_WARN_ABOUT_RETURN_TYPE = YES_ERROR;
				GCC_WARN_UNDECLARED_SELECTOR = YES;
				GCC_WARN_UNINITIALIZED_AUTOS = YES;
				GCC_WARN_UNUSED_FUNCTION = YES;
				GCC_WARN_UNUSED_VARIABLE = YES;
				IPHONEOS_DEPLOYMENT_TARGET = 7.0;
				SDKROOT = iphoneos;
				TARGETED_DEVICE_FAMILY = "1,2";
				VALIDATE_PRODUCT = YES;
			};
			name = Release;
		};
		D944265A17FA2AF5002F716B /* Debug */ = {
			isa = XCBuildConfiguration;
			buildSettings = {
				ASSETCATALOG_COMPILER_APPICON_NAME = AppIcon;
				ASSETCATALOG_COMPILER_LAUNCHIMAGE_NAME = LaunchImage;
				GCC_PRECOMPILE_PREFIX_HEADER = YES;
				GCC_PREFIX_HEADER = "UVDemo2/UVDemo2-Prefix.pch";
				INFOPLIST_FILE = "UVDemo2/UVDemo2-Info.plist";
				IPHONEOS_DEPLOYMENT_TARGET = 6.0;
				LIBRARY_SEARCH_PATHS = (
					"$(inherited)",
					"$(USER_LIBRARY_DIR)/Developer/Xcode/DerivedData/UVDemoWorkspace-aodbuenycsnfqhgkkaxaekngoiil/Build/Products/Release-iphoneos",
				);
				PRODUCT_NAME = "$(TARGET_NAME)";
				WRAPPER_EXTENSION = app;
			};
			name = Debug;
		};
		D944265B17FA2AF5002F716B /* Release */ = {
			isa = XCBuildConfiguration;
			buildSettings = {
				ASSETCATALOG_COMPILER_APPICON_NAME = AppIcon;
				ASSETCATALOG_COMPILER_LAUNCHIMAGE_NAME = LaunchImage;
				GCC_PRECOMPILE_PREFIX_HEADER = YES;
				GCC_PREFIX_HEADER = "UVDemo2/UVDemo2-Prefix.pch";
				INFOPLIST_FILE = "UVDemo2/UVDemo2-Info.plist";
				IPHONEOS_DEPLOYMENT_TARGET = 6.0;
				LIBRARY_SEARCH_PATHS = (
					"$(inherited)",
					"$(USER_LIBRARY_DIR)/Developer/Xcode/DerivedData/UVDemoWorkspace-aodbuenycsnfqhgkkaxaekngoiil/Build/Products/Release-iphoneos",
				);
				PRODUCT_NAME = "$(TARGET_NAME)";
				WRAPPER_EXTENSION = app;
			};
			name = Release;
		};
/* End XCBuildConfiguration section */

/* Begin XCConfigurationList section */
		D944261F17FA2AF5002F716B /* Build configuration list for PBXProject "UVDemo2" */ = {
			isa = XCConfigurationList;
			buildConfigurations = (
				D944265717FA2AF5002F716B /* Debug */,
				D944265817FA2AF5002F716B /* Release */,
			);
			defaultConfigurationIsVisible = 0;
			defaultConfigurationName = Release;
		};
		D944265917FA2AF5002F716B /* Build configuration list for PBXNativeTarget "UVDemo2" */ = {
			isa = XCConfigurationList;
			buildConfigurations = (
				D944265A17FA2AF5002F716B /* Debug */,
				D944265B17FA2AF5002F716B /* Release */,
			);
			defaultConfigurationIsVisible = 0;
		};
/* End XCConfigurationList section */
	};
	rootObject = D944261C17FA2AF5002F716B /* Project object */;
}
